
Microsoft Visual Studio Solution File, Format Version 12.00
# Visual Studio 15
VisualStudioVersion = 15.0.28307.438
MinimumVisualStudioVersion = 10.0.40219.1
Project("{8BC9CEB8-8B4A-11D0-8D11-00A0C91BC942}") = "openCV", "openCV\openCV.vcxproj", "{5233D625-BB51-4DEB-B30F-48916D323E01}"
EndProject
Project("{8BC9CEB8-8B4A-11D0-8D11-00A0C91BC942}") = "test", "test\test.vcxproj", "{DFF2F3D5-0B01-4695-BAE4-73A15CC410D2}"
EndProject
Project("{8BC9CEB8-8B4A-11D0-8D11-00A0C91BC942}") = "Chapter3_3_1_2", "Chapter3_3_1_2\Chapter3_3_1_2.vcxproj", "{342E0126-3097-4DF2-A617-613604862284}"
EndProject
Project("{8BC9CEB8-8B4A-11D0-8D11-00A0C91BC942}") = "Chapter3_3.1.4", "Chapter3_3.1.4\Chapter3_3.1.4.vcxproj", "{22AF53C2-23F7-4625-BFDC-E43C629354B9}"
EndProject
Project("{8BC9CEB8-8B4A-11D0-8D11-00A0C91BC942}") = "Chatper3_3.1.5", "Chatper3_3.1.5\Chatper3_3.1.5.vcxproj", "{17FD8730-E3AC-402C-B242-99C11DBB3534}"
EndProject
Project("{8BC9CEB8-8B4A-11D0-8D11-00A0C91BC942}") = "Chapter3_3.2.2", "Chapter3_3.2.2\Chapter3_3.2.2.vcxproj", "{BF63471C-839D-48D1-9190-6407519ECFFE}"
EndProject
Project("{8BC9CEB8-8B4A-11D0-8D11-00A0C91BC942}") = "Chatper3_3.2.5", "Chatper3_3.2.5\Chatper3_3.2.5.vcxproj", "{5635C685-C9AC-44AE-AF5E-9A9E906FAC0D}"
EndProject
Project("{8BC9CEB8-8B4A-11D0-8D11-00A0C91BC942}") = "Chapter3_3.3.3", "Chapter3_3.3.3\Chapter3_3.3.3.vcxproj", "{D9BEC289-4286-4449-8DD7-D712DF0EA10D}"
EndProject
Project("{8BC9CEB8-8B4A-11D0-8D11-00A0C91BC942}") = "Chapter3_3.6.2", "Chapter3_3.6.2\Chapter3_3.6.2.vcxproj", "{7D784B2B-3D2B-4B1B-9122-C5A20EF67DA2}"
EndProject
Project("{8BC9CEB8-8B4A-11D0-8D11-00A0C91BC942}") = "Chapter3_task14", "Chapter3_task14\Chapter3_task14.vcxproj", "{5E4963FB-28B6-48BB-9B87-00038DBB1D39}"
EndProject
Project("{8BC9CEB8-8B4A-11D0-8D11-00A0C91BC942}") = "Chapter3_3.1.1", "Chapter3_3.1.1\Chapter3_3.1.1.vcxproj", "{F5EEDC77-AD45-490F-B967-F995F690B42B}"
EndProject
Project("{8BC9CEB8-8B4A-11D0-8D11-00A0C91BC942}") = "Chapter3_3.1.3", "Chapter3_3.1.3\Chapter3_3.1.3.vcxproj", "{92989294-FBB9-4A07-B84B-BE80E3577565}"
EndProject
Project("{8BC9CEB8-8B4A-11D0-8D11-00A0C91BC942}") = "Chapter3_3.1.6", "Chapter3_3.1.6\Chapter3_3.1.6.vcxproj", "{4E18D499-DAF7-44D8-BEED-75B926728707}"
EndProject
Project("{8BC9CEB8-8B4A-11D0-8D11-00A0C91BC942}") = "Chapter3_3.17", "Chapter3_3.17\Chapter3_3.17.vcxproj", "{4BE2A3F2-A01F-44B8-9331-E0B1E4B2F07C}"
EndProject
Project("{8BC9CEB8-8B4A-11D0-8D11-00A0C91BC942}") = "Chapter3_3.2.1", "Chapter3_3.2.1\Chapter3_3.2.1.vcxproj", "{036B3145-E78B-4E3C-BD69-A02B3295FC46}"
EndProject
Project("{8BC9CEB8-8B4A-11D0-8D11-00A0C91BC942}") = "Chapter3_3.2.3", "Chapter3_3.2.3\Chapter3_3.2.3.vcxproj", "{D2A9FEB5-19DE-49EA-8CA9-F2448D5EC7C1}"
EndProject
Project("{8BC9CEB8-8B4A-11D0-8D11-00A0C91BC942}") = "Chapter3_3.2.4", "Chapter3_3.2.4\Chapter3_3.2.4.vcxproj", "{68BBAB3D-7E95-4D33-8AB7-7A710761F366}"
EndProject
Project("{8BC9CEB8-8B4A-11D0-8D11-00A0C91BC942}") = "Chapter3_3.2.6", "Chapter3_3.2.6\Chapter3_3.2.6.vcxproj", "{EFB9DD57-6C77-4CC6-9920-E33BD94C8C4B}"
EndProject
Project("{8BC9CEB8-8B4A-11D0-8D11-00A0C91BC942}") = "Chapter3_3.2.7", "Chapter3_3.2.7\Chapter3_3.2.7.vcxproj", "{942BF0EF-0B12-44C6-B431-5522F6D8C90F}"
EndProject
Project("{8BC9CEB8-8B4A-11D0-8D11-00A0C91BC942}") = "Chapter3_3.2.8", "Chapter3_3.2.8\Chapter3_3.2.8.vcxproj", "{1ED12C15-1F37-4B2D-998C-AC9F92EBCF60}"
EndProject
Project("{8BC9CEB8-8B4A-11D0-8D11-00A0C91BC942}") = "Chapter3_3.2.9", "Chapter3_3.2.9\Chapter3_3.2.9.vcxproj", "{0449C748-8810-4E63-A36A-5172D572237C}"
EndProject
Project("{8BC9CEB8-8B4A-11D0-8D11-00A0C91BC942}") = "Chapter3_3.3.1", "Chapter3_3.3.1\Chapter3_3.3.1.vcxproj", "{D4FEFABD-ACAC-4A51-9905-335D277148C6}"
EndProject
Project("{8BC9CEB8-8B4A-11D0-8D11-00A0C91BC942}") = "Chapter3_3.3.2", "Chapter3_3.3.2\Chapter3_3.3.2.vcxproj", "{CE6EA68E-2241-411B-AD0E-6EE5A45A7DB4}"
EndProject
Project("{8BC9CEB8-8B4A-11D0-8D11-00A0C91BC942}") = "Chapter3_3.4.1", "Chapter3_3.4.1\Chapter3_3.4.1.vcxproj", "{0516B165-5785-4632-9F23-D0E8F8D33EAE}"
EndProject
Project("{8BC9CEB8-8B4A-11D0-8D11-00A0C91BC942}") = "Chapter3_3.4.2", "Chapter3_3.4.2\Chapter3_3.4.2.vcxproj", "{2F7EB724-1F23-413D-B893-A39E8A14C8D1}"
EndProject
Project("{8BC9CEB8-8B4A-11D0-8D11-00A0C91BC942}") = "Chapter3_3.5.1", "Chapter3_3.5.1\Chapter3_3.5.1.vcxproj", "{5C285740-82D5-47A7-B5F8-99C3B4EE4F19}"
EndProject
Project("{8BC9CEB8-8B4A-11D0-8D11-00A0C91BC942}") = "Chapter3_3.5.2", "Chapter3_3.5.2\Chapter3_3.5.2.vcxproj", "{DA1FF12F-3E19-4FA1-A7A0-C36675044236}"
EndProject
Project("{8BC9CEB8-8B4A-11D0-8D11-00A0C91BC942}") = "Chapter3_3.5.3", "Chapter3_3.5.3\Chapter3_3.5.3.vcxproj", "{E7DB6BAF-F974-4A4E-B9A6-36C5CD78972E}"
EndProject
Project("{8BC9CEB8-8B4A-11D0-8D11-00A0C91BC942}") = "Chapter3_3.6.1", "Chapter3_3.6.1\Chapter3_3.6.1.vcxproj", "{7FFAF8CF-B367-461B-8F73-B35305ADECA3}"
EndProject
Project("{8BC9CEB8-8B4A-11D0-8D11-00A0C91BC942}") = "Chapter3_task19", "Chapter3_task19\Chapter3_task19.vcxproj", "{D45B167B-445A-40A8-AA96-081E404AE588}"
EndProject
Project("{8BC9CEB8-8B4A-11D0-8D11-00A0C91BC942}") = "Chapter4_4.2.4", "Chapter4_4.2.4\Chapter4_4.2.4.vcxproj", "{3CAAB7F8-5D52-46D0-877C-02B000D94A87}"
EndProject
Project("{8BC9CEB8-8B4A-11D0-8D11-00A0C91BC942}") = "Chapter4_4.3.5", "Chapter4_4.3.5\Chapter4_4.3.5.vcxproj", "{2307B6F2-C6EA-4E0A-93E7-53C7C1F41504}"
EndProject
Project("{8BC9CEB8-8B4A-11D0-8D11-00A0C91BC942}") = "Chapter4_4.4.3", "Chapter4_4.4.3\Chapter4_4.4.3.vcxproj", "{FC26CE46-C83D-41C7-9ACC-861381B38310}"
EndProject
Project("{8BC9CEB8-8B4A-11D0-8D11-00A0C91BC942}") = "Chapter4_4.5.2", "Chapter4_4.5.2\Chapter4_4.5.2.vcxproj", "{9859ECD7-B76D-4FD1-86D1-CB803522EA86}"
EndProject
Project("{8BC9CEB8-8B4A-11D0-8D11-00A0C91BC942}") = "Chapter4_4.1.1", "Chapter4_4.1.1\Chapter4_4.1.1.vcxproj", "{75F0AE81-52EB-4FF3-94CA-29D92CABFF27}"
EndProject
Project("{8BC9CEB8-8B4A-11D0-8D11-00A0C91BC942}") = "Chapter4_4.1.2", "Chapter4_4.1.2\Chapter4_4.1.2.vcxproj", "{F3E97682-D381-4EC7-8001-CD53980C76C3}"
EndProject
Project("{8BC9CEB8-8B4A-11D0-8D11-00A0C91BC942}") = "Chapter4_4.2.1", "Chapter4_4.2.1\Chapter4_4.2.1.vcxproj", "{9D5D0481-DD34-4D33-A1C7-9A0A97DDF106}"
EndProject
Project("{8BC9CEB8-8B4A-11D0-8D11-00A0C91BC942}") = "Chapter4_4.2.2", "Chapter4_4.2.2\Chapter4_4.2.2.vcxproj", "{CFE69639-D487-4D76-865A-1CE1BA494308}"
EndProject
Project("{8BC9CEB8-8B4A-11D0-8D11-00A0C91BC942}") = "Chapter4_4.2.3", "Chapter4_4.2.3\Chapter4_4.2.3.vcxproj", "{9B9AB75B-70B6-499B-8255-A1A3F2063768}"
EndProject
Project("{8BC9CEB8-8B4A-11D0-8D11-00A0C91BC942}") = "Chapter4_4.3.1", "Chapter4_4.3.1\Chapter4_4.3.1.vcxproj", "{AA393B99-541B-4774-8B30-59BF599FE9DF}"
EndProject
Project("{8BC9CEB8-8B4A-11D0-8D11-00A0C91BC942}") = "Chapter4_4.3.2", "Chapter4_4.3.2\Chapter4_4.3.2.vcxproj", "{A5AD2064-95CF-483D-AD81-78772E83F751}"
EndProject
Project("{8BC9CEB8-8B4A-11D0-8D11-00A0C91BC942}") = "Chapter4_4.3.3", "Chapter4_4.3.3\Chapter4_4.3.3.vcxproj", "{D601CA5B-E227-45AF-8E13-F5FF4B097D59}"
EndProject
Project("{8BC9CEB8-8B4A-11D0-8D11-00A0C91BC942}") = "Chapter4_4.3.4", "Chapter4_4.3.4\Chapter4_4.3.4.vcxproj", "{9C4277A2-D123-4D4B-B7FD-5CB3FC3CFFCC}"
EndProject
Project("{8BC9CEB8-8B4A-11D0-8D11-00A0C91BC942}") = "Chapter4_4.4.01", "Chapter4_4.4.01\Chapter4_4.4.01.vcxproj", "{C9ABCE11-9EE9-4C72-836C-55B85ADC2ED4}"
EndProject
Project("{8BC9CEB8-8B4A-11D0-8D11-00A0C91BC942}") = "Chapter4_4.4.02", "Chapter4_4.4.02\Chapter4_4.4.02.vcxproj", "{D2EF588E-69D3-4DD9-8C57-91C4B3B4F45F}"
EndProject
Project("{8BC9CEB8-8B4A-11D0-8D11-00A0C91BC942}") = "Chapter4_4.4.03", "Chapter4_4.4.03\Chapter4_4.4.03.vcxproj", "{108F9526-D6D9-480C-9176-475D6F968AAB}"
EndProject
Project("{8BC9CEB8-8B4A-11D0-8D11-00A0C91BC942}") = "Chapter4_4.4.2", "Chapter4_4.4.2\Chapter4_4.4.2.vcxproj", "{FD9C61F8-CB8C-46BC-985E-0A951EFEE996}"
EndProject
Project("{8BC9CEB8-8B4A-11D0-8D11-00A0C91BC942}") = "Chapter4_4.5.1", "Chapter4_4.5.1\Chapter4_4.5.1.vcxproj", "{44FE75BC-0C2A-47D9-83B5-E1CC34A50A33}"
EndProject
Project("{8BC9CEB8-8B4A-11D0-8D11-00A0C91BC942}") = "Chapter4_4.5.3", "Chapter4_4.5.3\Chapter4_4.5.3.vcxproj", "{8D9DDCAB-294E-4700-BFAF-D3C3A9878739}"
EndProject
Project("{8BC9CEB8-8B4A-11D0-8D11-00A0C91BC942}") = "Chapter4_4.5.4", "Chapter4_4.5.4\Chapter4_4.5.4.vcxproj", "{695DA61A-88EC-44EE-AF41-855BA963EB55}"
EndProject
Project("{8BC9CEB8-8B4A-11D0-8D11-00A0C91BC942}") = "Chapter4_4.6.1", "Chapter4_4.6.1\Chapter4_4.6.1.vcxproj", "{D81E58E8-F57A-4119-8124-AADD45FCF2CC}"
EndProject
Project("{8BC9CEB8-8B4A-11D0-8D11-00A0C91BC942}") = "Chapter4_4.6.2", "Chapter4_4.6.2\Chapter4_4.6.2.vcxproj", "{D3351C0F-E518-4086-B655-65B740708BA7}"
EndProject
Project("{8BC9CEB8-8B4A-11D0-8D11-00A0C91BC942}") = "Chapter4_4.6.3", "Chapter4_4.6.3\Chapter4_4.6.3.vcxproj", "{11E4DDDD-6334-4162-8370-72D2763BB9DD}"
EndProject
Project("{8BC9CEB8-8B4A-11D0-8D11-00A0C91BC942}") = "Chapter4_task19", "Chapter4_task19\Chapter4_task19.vcxproj", "{FDFA3967-AA86-4025-B7A1-1F026F55B266}"
EndProject
Project("{8BC9CEB8-8B4A-11D0-8D11-00A0C91BC942}") = "Chapter4Task20", "Chapter4Task20\Chapter4Task20.vcxproj", "{F9D75F45-BCC8-4870-A0C8-37BACA73E5FB}"
EndProject
Project("{8BC9CEB8-8B4A-11D0-8D11-00A0C91BC942}") = "Chapter4Task19Adv", "Chapter4Task19Adv\Chapter4Task19Adv.vcxproj", "{D9F96D9C-8405-4B2B-B737-17EF479052E3}"
EndProject
Project("{8BC9CEB8-8B4A-11D0-8D11-00A0C91BC942}") = "Chapter5_5.3.5", "Chapter5_5.3.5\Chapter5_5.3.5.vcxproj", "{1BCE0536-163C-4C6F-834B-29BEF4965C38}"
EndProject
Project("{8BC9CEB8-8B4A-11D0-8D11-00A0C91BC942}") = "Chapter5_5.4.3", "Chapter5_5.4.3\Chapter5_5.4.3.vcxproj", "{8912BD1F-0D54-40F7-9EAC-369DBB96D418}"
EndProject
Project("{8BC9CEB8-8B4A-11D0-8D11-00A0C91BC942}") = "Chapter5_5.5.4", "Chapter5_5.5.4\Chapter5_5.5.4.vcxproj", "{AF4A0707-E332-4778-90E1-4AB06C108AA9}"
EndProject
Project("{8BC9CEB8-8B4A-11D0-8D11-00A0C91BC942}") = "Chapter5_5.6.2", "Chapter5_5.6.2\Chapter5_5.6.2.vcxproj", "{520C1B45-411F-4EB7-A37C-F17B4EDD212A}"
EndProject
Project("{8BC9CEB8-8B4A-11D0-8D11-00A0C91BC942}") = "Chapter5_5.1.1", "Chapter5_5.1.1\Chapter5_5.1.1.vcxproj", "{23E1691E-3A93-445A-A0B8-685526CBC419}"
EndProject
Project("{8BC9CEB8-8B4A-11D0-8D11-00A0C91BC942}") = "Chapter5_5.2.2", "Chapter5_5.2.2\Chapter5_5.2.2.vcxproj", "{40B33BA6-3E78-409E-8EE2-DCF6D120603D}"
EndProject
Project("{8BC9CEB8-8B4A-11D0-8D11-00A0C91BC942}") = "Chapter5_5.2.1", "Chapter5_5.2.1\Chapter5_5.2.1.vcxproj", "{4A464172-F4E2-4F8D-BC88-1DCBBC7D0155}"
EndProject
Project("{8BC9CEB8-8B4A-11D0-8D11-00A0C91BC942}") = "Chapter5_5.2.3", "Chapter5_5.2.3\Chapter5_5.2.3.vcxproj", "{3E8A4179-2D5E-4101-9358-5252C223D9D1}"
EndProject
Project("{8BC9CEB8-8B4A-11D0-8D11-00A0C91BC942}") = "Chapter5_5.3.1", "Chapter5_5.3.1\Chapter5_5.3.1.vcxproj", "{776A6DA6-4EFB-43A9-859B-2A13C65E6635}"
EndProject
Project("{8BC9CEB8-8B4A-11D0-8D11-00A0C91BC942}") = "Chapter5_5.3.2", "Chapter5_5.3.2\Chapter5_5.3.2.vcxproj", "{5FC6ADC1-1933-46EE-B5EF-1419F0B6E18B}"
EndProject
Project("{8BC9CEB8-8B4A-11D0-8D11-00A0C91BC942}") = "Chapter5_5.3.3", "Chapter5_5.3.3\Chapter5_5.3.3.vcxproj", "{2713DA6E-8ECC-40E3-BE99-8C01FF1BDFD3}"
EndProject
Project("{8BC9CEB8-8B4A-11D0-8D11-00A0C91BC942}") = "Chapter5_5.3.4", "Chapter5_5.3.4\Chapter5_5.3.4.vcxproj", "{388E9643-79E9-4DEA-B0C6-73E1C83D2D1C}"
EndProject
Project("{8BC9CEB8-8B4A-11D0-8D11-00A0C91BC942}") = "Chaptere5_5.4.1", "Chaptere5_5.4.1\Chaptere5_5.4.1.vcxproj", "{E55AB840-87E5-44E0-ABBD-B6A7CAA4FD5D}"
EndProject
Project("{8BC9CEB8-8B4A-11D0-8D11-00A0C91BC942}") = "Chapter5_5.4.2", "Chapter5_5.4.2\Chapter5_5.4.2.vcxproj", "{AE22B1D7-8F7A-4E9F-B454-13DD56644E5A}"
EndProject
Project("{8BC9CEB8-8B4A-11D0-8D11-00A0C91BC942}") = "Chapter5_5.5.1", "Chapter5_5.5.1\Chapter5_5.5.1.vcxproj", "{28B7012A-AA64-4102-8D0D-6880821C8497}"
EndProject
Project("{8BC9CEB8-8B4A-11D0-8D11-00A0C91BC942}") = "Chapter5_5.5.2", "Chapter5_5.5.2\Chapter5_5.5.2.vcxproj", "{3150496F-B9D4-4C89-9094-4C8B93165798}"
EndProject
Project("{8BC9CEB8-8B4A-11D0-8D11-00A0C91BC942}") = "Chapter5_5.5.3", "Chatper5_5.5.3\Chatper5_5.5.3.vcxproj", "{6FF933C1-2CC4-4982-AB2A-EC4B5BDEEAEC}"
EndProject
Project("{8BC9CEB8-8B4A-11D0-8D11-00A0C91BC942}") = "Chapter5_5.5.5", "Chapter5_5.5.5\Chapter5_5.5.5.vcxproj", "{951A10A6-1787-4408-A683-980005F789B2}"
EndProject
Project("{8BC9CEB8-8B4A-11D0-8D11-00A0C91BC942}") = "Chapter5_5.6.1", "Chapter5_5.6.1\Chapter5_5.6.1.vcxproj", "{DE96E8BA-92F6-4FEA-B048-C2178C574778}"
EndProject
Project("{8BC9CEB8-8B4A-11D0-8D11-00A0C91BC942}") = "Chapter5_5.6.3", "Chapter5_5.6.3\Chapter5_5.6.3.vcxproj", "{B3C005F4-ADFC-4267-8182-9EFEDE5D25A6}"
EndProject
Project("{8BC9CEB8-8B4A-11D0-8D11-00A0C91BC942}") = "Chapter5_task7", "Chapter5_task7\Chapter5_task7.vcxproj", "{CEE8E56F-D4DC-4E7A-AAE5-CB7448B4B406}"
EndProject
Project("{8BC9CEB8-8B4A-11D0-8D11-00A0C91BC942}") = "Chapter5_task8", "Chapter5_task8\Chapter5_task8.vcxproj", "{80B7FE30-9D1A-4A99-81FB-3C58DDE3CFFF}"
EndProject
Project("{8BC9CEB8-8B4A-11D0-8D11-00A0C91BC942}") = "Chapter5_task15", "Chapter5_task15\Chapter5_task15.vcxproj", "{EE761D19-5227-44F3-8BB5-A92366901F5A}"
EndProject
Project("{8BC9CEB8-8B4A-11D0-8D11-00A0C91BC942}") = "Chapter6_6.2.4", "Chapter6_6.2.4\Chapter6_6.2.4.vcxproj", "{5D03A684-CD61-474F-B823-07E870FEC8BE}"
EndProject
Project("{8BC9CEB8-8B4A-11D0-8D11-00A0C91BC942}") = "Chapter6_6.3.4", "Chapter6_6.3.4\Chapter6_6.3.4.vcxproj", "{89F2A839-5FC2-439D-9CA2-6B0CE1FA1F6E}"
EndProject
Project("{8BC9CEB8-8B4A-11D0-8D11-00A0C91BC942}") = "Chapter6_6.4.5", "Chapter6_6.4.5\Chapter6_6.4.5.vcxproj", "{0E4CDD24-1EC7-46AC-ACEE-A8DA7AC03776}"
EndProject
Project("{8BC9CEB8-8B4A-11D0-8D11-00A0C91BC942}") = "Chapter5_task15_2", "Chapter5_task15_2\Chapter5_task15_2.vcxproj", "{66C2F690-1C5E-4F36-AA7A-40DA1FC9E2E9}"
EndProject
Project("{8BC9CEB8-8B4A-11D0-8D11-00A0C91BC942}") = "Chapter6_6.1.1", "Chapter6_6.1.1\Chapter6_6.1.1.vcxproj", "{96977EC7-E9F9-4F6C-BD57-AFDD9D13924F}"
EndProject
Project("{8BC9CEB8-8B4A-11D0-8D11-00A0C91BC942}") = "Chapter6_6.1.0", "Chapter6_6.1.0\Chapter6_6.1.0.vcxproj", "{B0443A03-6136-4008-8621-73CAE6CFD874}"
EndProject
Project("{8BC9CEB8-8B4A-11D0-8D11-00A0C91BC942}") = "Chapter6_6.1.2", "Chapter6_6.1.2\Chapter6_6.1.2.vcxproj", "{AF64663B-CBC8-4556-9756-674F827AF784}"
EndProject
Project("{8BC9CEB8-8B4A-11D0-8D11-00A0C91BC942}") = "Chapter6_6.1.3", "Chapter6_6.1.3\Chapter6_6.1.3.vcxproj", "{B07B7147-D642-4682-A33C-9D01CFB22DEF}"
EndProject
Project("{8BC9CEB8-8B4A-11D0-8D11-00A0C91BC942}") = "Chapter6_6.2.1", "Chapter6_6.2.1\Chapter6_6.2.1.vcxproj", "{7BCEAFDC-CE57-4AA3-A069-E3A38F9A3AD6}"
EndProject
Project("{8BC9CEB8-8B4A-11D0-8D11-00A0C91BC942}") = "Chapter6_6.2.2", "Chapter6_6.2.2\Chapter6_6.2.2.vcxproj", "{2CB2FB72-AA6C-4896-8801-05D91F5694CF}"
EndProject
Project("{8BC9CEB8-8B4A-11D0-8D11-00A0C91BC942}") = "Chapter6_6.2.3", "Chapter6_6.2.3\Chapter6_6.2.3.vcxproj", "{138583F5-5DC6-4074-BF64-1B568EB6A1C1}"
EndProject
Project("{8BC9CEB8-8B4A-11D0-8D11-00A0C91BC942}") = "Chapter6_6.2.5", "Chapter6_6.2.5\Chapter6_6.2.5.vcxproj", "{5DB324C7-C928-458D-8AF1-53AC9C57D759}"
EndProject
Project("{8BC9CEB8-8B4A-11D0-8D11-00A0C91BC942}") = "Chapter6_6.3.1", "Chapter6_6.3.1\Chapter6_6.3.1.vcxproj", "{3A42DDBB-D0AB-407A-AA42-ACB119C37587}"
EndProject
Project("{8BC9CEB8-8B4A-11D0-8D11-00A0C91BC942}") = "Chapter6_6.3.2", "Chapter6_6.3.2\Chapter6_6.3.2.vcxproj", "{F7F85510-1354-46F1-94C6-0DEB0D0A7460}"
EndProject
Project("{8BC9CEB8-8B4A-11D0-8D11-00A0C91BC942}") = "Chapter6_6.3.3", "Chapter6_6.3.3\Chapter6_6.3.3.vcxproj", "{F5D21D43-3764-415F-82ED-1441DB8A11CB}"
EndProject
Project("{8BC9CEB8-8B4A-11D0-8D11-00A0C91BC942}") = "Chapter6_6.3.5", "Chapter6_6.3.5\Chapter6_6.3.5.vcxproj", "{4653E680-7491-4A65-B204-D170F2B3B00D}"
EndProject
Project("{8BC9CEB8-8B4A-11D0-8D11-00A0C91BC942}") = "Chapter6_6.3.6", "Chapter6_6.3.6\Chapter6_6.3.6.vcxproj", "{E7FAB1DC-25BA-49E0-A2A2-63C8E747DEDF}"
EndProject
Project("{8BC9CEB8-8B4A-11D0-8D11-00A0C91BC942}") = "Chapter6_6.4.1", "Chapter6_6.4.1\Chapter6_6.4.1.vcxproj", "{40D9854D-6CA9-4896-ABC6-B2BBE3C4334F}"
EndProject
Project("{8BC9CEB8-8B4A-11D0-8D11-00A0C91BC942}") = "Chapter6_6.4.2", "Chapter6_6.4.2\Chapter6_6.4.2.vcxproj", "{99A2DA52-EDF9-49B3-A9F3-61E495D09150}"
EndProject
Project("{8BC9CEB8-8B4A-11D0-8D11-00A0C91BC942}") = "Chapter6_6.4.3", "Chapter6_6.4.3\Chapter6_6.4.3.vcxproj", "{4EABE7D4-58CA-4CB5-845C-E3946F60A834}"
EndProject
Project("{8BC9CEB8-8B4A-11D0-8D11-00A0C91BC942}") = "Chapter6_6.4.4", "Chapter6_6.4.4\Chapter6_6.4.4.vcxproj", "{B6ACD331-93BD-4E1B-AABC-775C1D13DACA}"
EndProject
Global
	GlobalSection(SolutionConfigurationPlatforms) = preSolution
		Debug|x64 = Debug|x64
		Debug|x86 = Debug|x86
		Release|x64 = Release|x64
		Release|x86 = Release|x86
	EndGlobalSection
	GlobalSection(ProjectConfigurationPlatforms) = postSolution
		{5233D625-BB51-4DEB-B30F-48916D323E01}.Debug|x64.ActiveCfg = Debug|x64
		{5233D625-BB51-4DEB-B30F-48916D323E01}.Debug|x64.Build.0 = Debug|x64
		{5233D625-BB51-4DEB-B30F-48916D323E01}.Debug|x86.ActiveCfg = Debug|Win32
		{5233D625-BB51-4DEB-B30F-48916D323E01}.Debug|x86.Build.0 = Debug|Win32
		{5233D625-BB51-4DEB-B30F-48916D323E01}.Release|x64.ActiveCfg = Release|x64
		{5233D625-BB51-4DEB-B30F-48916D323E01}.Release|x64.Build.0 = Release|x64
		{5233D625-BB51-4DEB-B30F-48916D323E01}.Release|x86.ActiveCfg = Release|Win32
		{5233D625-BB51-4DEB-B30F-48916D323E01}.Release|x86.Build.0 = Release|Win32
		{DFF2F3D5-0B01-4695-BAE4-73A15CC410D2}.Debug|x64.ActiveCfg = Debug|x64
		{DFF2F3D5-0B01-4695-BAE4-73A15CC410D2}.Debug|x64.Build.0 = Debug|x64
		{DFF2F3D5-0B01-4695-BAE4-73A15CC410D2}.Debug|x86.ActiveCfg = Debug|Win32
		{DFF2F3D5-0B01-4695-BAE4-73A15CC410D2}.Debug|x86.Build.0 = Debug|Win32
		{DFF2F3D5-0B01-4695-BAE4-73A15CC410D2}.Release|x64.ActiveCfg = Release|x64
		{DFF2F3D5-0B01-4695-BAE4-73A15CC410D2}.Release|x64.Build.0 = Release|x64
		{DFF2F3D5-0B01-4695-BAE4-73A15CC410D2}.Release|x86.ActiveCfg = Release|Win32
		{DFF2F3D5-0B01-4695-BAE4-73A15CC410D2}.Release|x86.Build.0 = Release|Win32
		{342E0126-3097-4DF2-A617-613604862284}.Debug|x64.ActiveCfg = Debug|x64
		{342E0126-3097-4DF2-A617-613604862284}.Debug|x64.Build.0 = Debug|x64
		{342E0126-3097-4DF2-A617-613604862284}.Debug|x86.ActiveCfg = Debug|Win32
		{342E0126-3097-4DF2-A617-613604862284}.Debug|x86.Build.0 = Debug|Win32
		{342E0126-3097-4DF2-A617-613604862284}.Release|x64.ActiveCfg = Release|x64
		{342E0126-3097-4DF2-A617-613604862284}.Release|x64.Build.0 = Release|x64
		{342E0126-3097-4DF2-A617-613604862284}.Release|x86.ActiveCfg = Release|Win32
		{342E0126-3097-4DF2-A617-613604862284}.Release|x86.Build.0 = Release|Win32
		{22AF53C2-23F7-4625-BFDC-E43C629354B9}.Debug|x64.ActiveCfg = Debug|x64
		{22AF53C2-23F7-4625-BFDC-E43C629354B9}.Debug|x64.Build.0 = Debug|x64
		{22AF53C2-23F7-4625-BFDC-E43C629354B9}.Debug|x86.ActiveCfg = Debug|Win32
		{22AF53C2-23F7-4625-BFDC-E43C629354B9}.Debug|x86.Build.0 = Debug|Win32
		{22AF53C2-23F7-4625-BFDC-E43C629354B9}.Release|x64.ActiveCfg = Release|x64
		{22AF53C2-23F7-4625-BFDC-E43C629354B9}.Release|x64.Build.0 = Release|x64
		{22AF53C2-23F7-4625-BFDC-E43C629354B9}.Release|x86.ActiveCfg = Release|Win32
		{22AF53C2-23F7-4625-BFDC-E43C629354B9}.Release|x86.Build.0 = Release|Win32
		{17FD8730-E3AC-402C-B242-99C11DBB3534}.Debug|x64.ActiveCfg = Debug|x64
		{17FD8730-E3AC-402C-B242-99C11DBB3534}.Debug|x64.Build.0 = Debug|x64
		{17FD8730-E3AC-402C-B242-99C11DBB3534}.Debug|x86.ActiveCfg = Debug|Win32
		{17FD8730-E3AC-402C-B242-99C11DBB3534}.Debug|x86.Build.0 = Debug|Win32
		{17FD8730-E3AC-402C-B242-99C11DBB3534}.Release|x64.ActiveCfg = Release|x64
		{17FD8730-E3AC-402C-B242-99C11DBB3534}.Release|x64.Build.0 = Release|x64
		{17FD8730-E3AC-402C-B242-99C11DBB3534}.Release|x86.ActiveCfg = Release|Win32
		{17FD8730-E3AC-402C-B242-99C11DBB3534}.Release|x86.Build.0 = Release|Win32
		{BF63471C-839D-48D1-9190-6407519ECFFE}.Debug|x64.ActiveCfg = Debug|x64
		{BF63471C-839D-48D1-9190-6407519ECFFE}.Debug|x64.Build.0 = Debug|x64
		{BF63471C-839D-48D1-9190-6407519ECFFE}.Debug|x86.ActiveCfg = Debug|Win32
		{BF63471C-839D-48D1-9190-6407519ECFFE}.Debug|x86.Build.0 = Debug|Win32
		{BF63471C-839D-48D1-9190-6407519ECFFE}.Release|x64.ActiveCfg = Release|x64
		{BF63471C-839D-48D1-9190-6407519ECFFE}.Release|x64.Build.0 = Release|x64
		{BF63471C-839D-48D1-9190-6407519ECFFE}.Release|x86.ActiveCfg = Release|Win32
		{BF63471C-839D-48D1-9190-6407519ECFFE}.Release|x86.Build.0 = Release|Win32
		{5635C685-C9AC-44AE-AF5E-9A9E906FAC0D}.Debug|x64.ActiveCfg = Debug|x64
		{5635C685-C9AC-44AE-AF5E-9A9E906FAC0D}.Debug|x64.Build.0 = Debug|x64
		{5635C685-C9AC-44AE-AF5E-9A9E906FAC0D}.Debug|x86.ActiveCfg = Debug|Win32
		{5635C685-C9AC-44AE-AF5E-9A9E906FAC0D}.Debug|x86.Build.0 = Debug|Win32
		{5635C685-C9AC-44AE-AF5E-9A9E906FAC0D}.Release|x64.ActiveCfg = Release|x64
		{5635C685-C9AC-44AE-AF5E-9A9E906FAC0D}.Release|x64.Build.0 = Release|x64
		{5635C685-C9AC-44AE-AF5E-9A9E906FAC0D}.Release|x86.ActiveCfg = Release|Win32
		{5635C685-C9AC-44AE-AF5E-9A9E906FAC0D}.Release|x86.Build.0 = Release|Win32
		{D9BEC289-4286-4449-8DD7-D712DF0EA10D}.Debug|x64.ActiveCfg = Debug|x64
		{D9BEC289-4286-4449-8DD7-D712DF0EA10D}.Debug|x64.Build.0 = Debug|x64
		{D9BEC289-4286-4449-8DD7-D712DF0EA10D}.Debug|x86.ActiveCfg = Debug|Win32
		{D9BEC289-4286-4449-8DD7-D712DF0EA10D}.Debug|x86.Build.0 = Debug|Win32
		{D9BEC289-4286-4449-8DD7-D712DF0EA10D}.Release|x64.ActiveCfg = Release|x64
		{D9BEC289-4286-4449-8DD7-D712DF0EA10D}.Release|x64.Build.0 = Release|x64
		{D9BEC289-4286-4449-8DD7-D712DF0EA10D}.Release|x86.ActiveCfg = Release|Win32
		{D9BEC289-4286-4449-8DD7-D712DF0EA10D}.Release|x86.Build.0 = Release|Win32
		{7D784B2B-3D2B-4B1B-9122-C5A20EF67DA2}.Debug|x64.ActiveCfg = Debug|x64
		{7D784B2B-3D2B-4B1B-9122-C5A20EF67DA2}.Debug|x64.Build.0 = Debug|x64
		{7D784B2B-3D2B-4B1B-9122-C5A20EF67DA2}.Debug|x86.ActiveCfg = Debug|Win32
		{7D784B2B-3D2B-4B1B-9122-C5A20EF67DA2}.Debug|x86.Build.0 = Debug|Win32
		{7D784B2B-3D2B-4B1B-9122-C5A20EF67DA2}.Release|x64.ActiveCfg = Release|x64
		{7D784B2B-3D2B-4B1B-9122-C5A20EF67DA2}.Release|x64.Build.0 = Release|x64
		{7D784B2B-3D2B-4B1B-9122-C5A20EF67DA2}.Release|x86.ActiveCfg = Release|Win32
		{7D784B2B-3D2B-4B1B-9122-C5A20EF67DA2}.Release|x86.Build.0 = Release|Win32
		{5E4963FB-28B6-48BB-9B87-00038DBB1D39}.Debug|x64.ActiveCfg = Debug|x64
		{5E4963FB-28B6-48BB-9B87-00038DBB1D39}.Debug|x64.Build.0 = Debug|x64
		{5E4963FB-28B6-48BB-9B87-00038DBB1D39}.Debug|x86.ActiveCfg = Debug|Win32
		{5E4963FB-28B6-48BB-9B87-00038DBB1D39}.Debug|x86.Build.0 = Debug|Win32
		{5E4963FB-28B6-48BB-9B87-00038DBB1D39}.Release|x64.ActiveCfg = Release|x64
		{5E4963FB-28B6-48BB-9B87-00038DBB1D39}.Release|x64.Build.0 = Release|x64
		{5E4963FB-28B6-48BB-9B87-00038DBB1D39}.Release|x86.ActiveCfg = Release|Win32
		{5E4963FB-28B6-48BB-9B87-00038DBB1D39}.Release|x86.Build.0 = Release|Win32
		{F5EEDC77-AD45-490F-B967-F995F690B42B}.Debug|x64.ActiveCfg = Debug|x64
		{F5EEDC77-AD45-490F-B967-F995F690B42B}.Debug|x64.Build.0 = Debug|x64
		{F5EEDC77-AD45-490F-B967-F995F690B42B}.Debug|x86.ActiveCfg = Debug|Win32
		{F5EEDC77-AD45-490F-B967-F995F690B42B}.Debug|x86.Build.0 = Debug|Win32
		{F5EEDC77-AD45-490F-B967-F995F690B42B}.Release|x64.ActiveCfg = Release|x64
		{F5EEDC77-AD45-490F-B967-F995F690B42B}.Release|x64.Build.0 = Release|x64
		{F5EEDC77-AD45-490F-B967-F995F690B42B}.Release|x86.ActiveCfg = Release|Win32
		{F5EEDC77-AD45-490F-B967-F995F690B42B}.Release|x86.Build.0 = Release|Win32
		{92989294-FBB9-4A07-B84B-BE80E3577565}.Debug|x64.ActiveCfg = Debug|x64
		{92989294-FBB9-4A07-B84B-BE80E3577565}.Debug|x64.Build.0 = Debug|x64
		{92989294-FBB9-4A07-B84B-BE80E3577565}.Debug|x86.ActiveCfg = Debug|Win32
		{92989294-FBB9-4A07-B84B-BE80E3577565}.Debug|x86.Build.0 = Debug|Win32
		{92989294-FBB9-4A07-B84B-BE80E3577565}.Release|x64.ActiveCfg = Release|x64
		{92989294-FBB9-4A07-B84B-BE80E3577565}.Release|x64.Build.0 = Release|x64
		{92989294-FBB9-4A07-B84B-BE80E3577565}.Release|x86.ActiveCfg = Release|Win32
		{92989294-FBB9-4A07-B84B-BE80E3577565}.Release|x86.Build.0 = Release|Win32
		{4E18D499-DAF7-44D8-BEED-75B926728707}.Debug|x64.ActiveCfg = Debug|x64
		{4E18D499-DAF7-44D8-BEED-75B926728707}.Debug|x64.Build.0 = Debug|x64
		{4E18D499-DAF7-44D8-BEED-75B926728707}.Debug|x86.ActiveCfg = Debug|Win32
		{4E18D499-DAF7-44D8-BEED-75B926728707}.Debug|x86.Build.0 = Debug|Win32
		{4E18D499-DAF7-44D8-BEED-75B926728707}.Release|x64.ActiveCfg = Release|x64
		{4E18D499-DAF7-44D8-BEED-75B926728707}.Release|x64.Build.0 = Release|x64
		{4E18D499-DAF7-44D8-BEED-75B926728707}.Release|x86.ActiveCfg = Release|Win32
		{4E18D499-DAF7-44D8-BEED-75B926728707}.Release|x86.Build.0 = Release|Win32
		{4BE2A3F2-A01F-44B8-9331-E0B1E4B2F07C}.Debug|x64.ActiveCfg = Debug|x64
		{4BE2A3F2-A01F-44B8-9331-E0B1E4B2F07C}.Debug|x64.Build.0 = Debug|x64
		{4BE2A3F2-A01F-44B8-9331-E0B1E4B2F07C}.Debug|x86.ActiveCfg = Debug|Win32
		{4BE2A3F2-A01F-44B8-9331-E0B1E4B2F07C}.Debug|x86.Build.0 = Debug|Win32
		{4BE2A3F2-A01F-44B8-9331-E0B1E4B2F07C}.Release|x64.ActiveCfg = Release|x64
		{4BE2A3F2-A01F-44B8-9331-E0B1E4B2F07C}.Release|x64.Build.0 = Release|x64
		{4BE2A3F2-A01F-44B8-9331-E0B1E4B2F07C}.Release|x86.ActiveCfg = Release|Win32
		{4BE2A3F2-A01F-44B8-9331-E0B1E4B2F07C}.Release|x86.Build.0 = Release|Win32
		{036B3145-E78B-4E3C-BD69-A02B3295FC46}.Debug|x64.ActiveCfg = Debug|x64
		{036B3145-E78B-4E3C-BD69-A02B3295FC46}.Debug|x64.Build.0 = Debug|x64
		{036B3145-E78B-4E3C-BD69-A02B3295FC46}.Debug|x86.ActiveCfg = Debug|Win32
		{036B3145-E78B-4E3C-BD69-A02B3295FC46}.Debug|x86.Build.0 = Debug|Win32
		{036B3145-E78B-4E3C-BD69-A02B3295FC46}.Release|x64.ActiveCfg = Release|x64
		{036B3145-E78B-4E3C-BD69-A02B3295FC46}.Release|x64.Build.0 = Release|x64
		{036B3145-E78B-4E3C-BD69-A02B3295FC46}.Release|x86.ActiveCfg = Release|Win32
		{036B3145-E78B-4E3C-BD69-A02B3295FC46}.Release|x86.Build.0 = Release|Win32
		{D2A9FEB5-19DE-49EA-8CA9-F2448D5EC7C1}.Debug|x64.ActiveCfg = Debug|x64
		{D2A9FEB5-19DE-49EA-8CA9-F2448D5EC7C1}.Debug|x64.Build.0 = Debug|x64
		{D2A9FEB5-19DE-49EA-8CA9-F2448D5EC7C1}.Debug|x86.ActiveCfg = Debug|Win32
		{D2A9FEB5-19DE-49EA-8CA9-F2448D5EC7C1}.Debug|x86.Build.0 = Debug|Win32
		{D2A9FEB5-19DE-49EA-8CA9-F2448D5EC7C1}.Release|x64.ActiveCfg = Release|x64
		{D2A9FEB5-19DE-49EA-8CA9-F2448D5EC7C1}.Release|x64.Build.0 = Release|x64
		{D2A9FEB5-19DE-49EA-8CA9-F2448D5EC7C1}.Release|x86.ActiveCfg = Release|Win32
		{D2A9FEB5-19DE-49EA-8CA9-F2448D5EC7C1}.Release|x86.Build.0 = Release|Win32
		{68BBAB3D-7E95-4D33-8AB7-7A710761F366}.Debug|x64.ActiveCfg = Debug|x64
		{68BBAB3D-7E95-4D33-8AB7-7A710761F366}.Debug|x64.Build.0 = Debug|x64
		{68BBAB3D-7E95-4D33-8AB7-7A710761F366}.Debug|x86.ActiveCfg = Debug|Win32
		{68BBAB3D-7E95-4D33-8AB7-7A710761F366}.Debug|x86.Build.0 = Debug|Win32
		{68BBAB3D-7E95-4D33-8AB7-7A710761F366}.Release|x64.ActiveCfg = Release|x64
		{68BBAB3D-7E95-4D33-8AB7-7A710761F366}.Release|x64.Build.0 = Release|x64
		{68BBAB3D-7E95-4D33-8AB7-7A710761F366}.Release|x86.ActiveCfg = Release|Win32
		{68BBAB3D-7E95-4D33-8AB7-7A710761F366}.Release|x86.Build.0 = Release|Win32
		{EFB9DD57-6C77-4CC6-9920-E33BD94C8C4B}.Debug|x64.ActiveCfg = Debug|x64
		{EFB9DD57-6C77-4CC6-9920-E33BD94C8C4B}.Debug|x64.Build.0 = Debug|x64
		{EFB9DD57-6C77-4CC6-9920-E33BD94C8C4B}.Debug|x86.ActiveCfg = Debug|Win32
		{EFB9DD57-6C77-4CC6-9920-E33BD94C8C4B}.Debug|x86.Build.0 = Debug|Win32
		{EFB9DD57-6C77-4CC6-9920-E33BD94C8C4B}.Release|x64.ActiveCfg = Release|x64
		{EFB9DD57-6C77-4CC6-9920-E33BD94C8C4B}.Release|x64.Build.0 = Release|x64
		{EFB9DD57-6C77-4CC6-9920-E33BD94C8C4B}.Release|x86.ActiveCfg = Release|Win32
		{EFB9DD57-6C77-4CC6-9920-E33BD94C8C4B}.Release|x86.Build.0 = Release|Win32
		{942BF0EF-0B12-44C6-B431-5522F6D8C90F}.Debug|x64.ActiveCfg = Debug|x64
		{942BF0EF-0B12-44C6-B431-5522F6D8C90F}.Debug|x64.Build.0 = Debug|x64
		{942BF0EF-0B12-44C6-B431-5522F6D8C90F}.Debug|x86.ActiveCfg = Debug|Win32
		{942BF0EF-0B12-44C6-B431-5522F6D8C90F}.Debug|x86.Build.0 = Debug|Win32
		{942BF0EF-0B12-44C6-B431-5522F6D8C90F}.Release|x64.ActiveCfg = Release|x64
		{942BF0EF-0B12-44C6-B431-5522F6D8C90F}.Release|x64.Build.0 = Release|x64
		{942BF0EF-0B12-44C6-B431-5522F6D8C90F}.Release|x86.ActiveCfg = Release|Win32
		{942BF0EF-0B12-44C6-B431-5522F6D8C90F}.Release|x86.Build.0 = Release|Win32
		{1ED12C15-1F37-4B2D-998C-AC9F92EBCF60}.Debug|x64.ActiveCfg = Debug|x64
		{1ED12C15-1F37-4B2D-998C-AC9F92EBCF60}.Debug|x64.Build.0 = Debug|x64
		{1ED12C15-1F37-4B2D-998C-AC9F92EBCF60}.Debug|x86.ActiveCfg = Debug|Win32
		{1ED12C15-1F37-4B2D-998C-AC9F92EBCF60}.Debug|x86.Build.0 = Debug|Win32
		{1ED12C15-1F37-4B2D-998C-AC9F92EBCF60}.Release|x64.ActiveCfg = Release|x64
		{1ED12C15-1F37-4B2D-998C-AC9F92EBCF60}.Release|x64.Build.0 = Release|x64
		{1ED12C15-1F37-4B2D-998C-AC9F92EBCF60}.Release|x86.ActiveCfg = Release|Win32
		{1ED12C15-1F37-4B2D-998C-AC9F92EBCF60}.Release|x86.Build.0 = Release|Win32
		{0449C748-8810-4E63-A36A-5172D572237C}.Debug|x64.ActiveCfg = Debug|x64
		{0449C748-8810-4E63-A36A-5172D572237C}.Debug|x64.Build.0 = Debug|x64
		{0449C748-8810-4E63-A36A-5172D572237C}.Debug|x86.ActiveCfg = Debug|Win32
		{0449C748-8810-4E63-A36A-5172D572237C}.Debug|x86.Build.0 = Debug|Win32
		{0449C748-8810-4E63-A36A-5172D572237C}.Release|x64.ActiveCfg = Release|x64
		{0449C748-8810-4E63-A36A-5172D572237C}.Release|x64.Build.0 = Release|x64
		{0449C748-8810-4E63-A36A-5172D572237C}.Release|x86.ActiveCfg = Release|Win32
		{0449C748-8810-4E63-A36A-5172D572237C}.Release|x86.Build.0 = Release|Win32
		{D4FEFABD-ACAC-4A51-9905-335D277148C6}.Debug|x64.ActiveCfg = Debug|x64
		{D4FEFABD-ACAC-4A51-9905-335D277148C6}.Debug|x64.Build.0 = Debug|x64
		{D4FEFABD-ACAC-4A51-9905-335D277148C6}.Debug|x86.ActiveCfg = Debug|Win32
		{D4FEFABD-ACAC-4A51-9905-335D277148C6}.Debug|x86.Build.0 = Debug|Win32
		{D4FEFABD-ACAC-4A51-9905-335D277148C6}.Release|x64.ActiveCfg = Release|x64
		{D4FEFABD-ACAC-4A51-9905-335D277148C6}.Release|x64.Build.0 = Release|x64
		{D4FEFABD-ACAC-4A51-9905-335D277148C6}.Release|x86.ActiveCfg = Release|Win32
		{D4FEFABD-ACAC-4A51-9905-335D277148C6}.Release|x86.Build.0 = Release|Win32
		{CE6EA68E-2241-411B-AD0E-6EE5A45A7DB4}.Debug|x64.ActiveCfg = Debug|x64
		{CE6EA68E-2241-411B-AD0E-6EE5A45A7DB4}.Debug|x64.Build.0 = Debug|x64
		{CE6EA68E-2241-411B-AD0E-6EE5A45A7DB4}.Debug|x86.ActiveCfg = Debug|Win32
		{CE6EA68E-2241-411B-AD0E-6EE5A45A7DB4}.Debug|x86.Build.0 = Debug|Win32
		{CE6EA68E-2241-411B-AD0E-6EE5A45A7DB4}.Release|x64.ActiveCfg = Release|x64
		{CE6EA68E-2241-411B-AD0E-6EE5A45A7DB4}.Release|x64.Build.0 = Release|x64
		{CE6EA68E-2241-411B-AD0E-6EE5A45A7DB4}.Release|x86.ActiveCfg = Release|Win32
		{CE6EA68E-2241-411B-AD0E-6EE5A45A7DB4}.Release|x86.Build.0 = Release|Win32
		{0516B165-5785-4632-9F23-D0E8F8D33EAE}.Debug|x64.ActiveCfg = Debug|x64
		{0516B165-5785-4632-9F23-D0E8F8D33EAE}.Debug|x64.Build.0 = Debug|x64
		{0516B165-5785-4632-9F23-D0E8F8D33EAE}.Debug|x86.ActiveCfg = Debug|Win32
		{0516B165-5785-4632-9F23-D0E8F8D33EAE}.Debug|x86.Build.0 = Debug|Win32
		{0516B165-5785-4632-9F23-D0E8F8D33EAE}.Release|x64.ActiveCfg = Release|x64
		{0516B165-5785-4632-9F23-D0E8F8D33EAE}.Release|x64.Build.0 = Release|x64
		{0516B165-5785-4632-9F23-D0E8F8D33EAE}.Release|x86.ActiveCfg = Release|Win32
		{0516B165-5785-4632-9F23-D0E8F8D33EAE}.Release|x86.Build.0 = Release|Win32
		{2F7EB724-1F23-413D-B893-A39E8A14C8D1}.Debug|x64.ActiveCfg = Debug|x64
		{2F7EB724-1F23-413D-B893-A39E8A14C8D1}.Debug|x64.Build.0 = Debug|x64
		{2F7EB724-1F23-413D-B893-A39E8A14C8D1}.Debug|x86.ActiveCfg = Debug|Win32
		{2F7EB724-1F23-413D-B893-A39E8A14C8D1}.Debug|x86.Build.0 = Debug|Win32
		{2F7EB724-1F23-413D-B893-A39E8A14C8D1}.Release|x64.ActiveCfg = Release|x64
		{2F7EB724-1F23-413D-B893-A39E8A14C8D1}.Release|x64.Build.0 = Release|x64
		{2F7EB724-1F23-413D-B893-A39E8A14C8D1}.Release|x86.ActiveCfg = Release|Win32
		{2F7EB724-1F23-413D-B893-A39E8A14C8D1}.Release|x86.Build.0 = Release|Win32
		{5C285740-82D5-47A7-B5F8-99C3B4EE4F19}.Debug|x64.ActiveCfg = Debug|x64
		{5C285740-82D5-47A7-B5F8-99C3B4EE4F19}.Debug|x64.Build.0 = Debug|x64
		{5C285740-82D5-47A7-B5F8-99C3B4EE4F19}.Debug|x86.ActiveCfg = Debug|Win32
		{5C285740-82D5-47A7-B5F8-99C3B4EE4F19}.Debug|x86.Build.0 = Debug|Win32
		{5C285740-82D5-47A7-B5F8-99C3B4EE4F19}.Release|x64.ActiveCfg = Release|x64
		{5C285740-82D5-47A7-B5F8-99C3B4EE4F19}.Release|x64.Build.0 = Release|x64
		{5C285740-82D5-47A7-B5F8-99C3B4EE4F19}.Release|x86.ActiveCfg = Release|Win32
		{5C285740-82D5-47A7-B5F8-99C3B4EE4F19}.Release|x86.Build.0 = Release|Win32
		{DA1FF12F-3E19-4FA1-A7A0-C36675044236}.Debug|x64.ActiveCfg = Debug|x64
		{DA1FF12F-3E19-4FA1-A7A0-C36675044236}.Debug|x64.Build.0 = Debug|x64
		{DA1FF12F-3E19-4FA1-A7A0-C36675044236}.Debug|x86.ActiveCfg = Debug|Win32
		{DA1FF12F-3E19-4FA1-A7A0-C36675044236}.Debug|x86.Build.0 = Debug|Win32
		{DA1FF12F-3E19-4FA1-A7A0-C36675044236}.Release|x64.ActiveCfg = Release|x64
		{DA1FF12F-3E19-4FA1-A7A0-C36675044236}.Release|x64.Build.0 = Release|x64
		{DA1FF12F-3E19-4FA1-A7A0-C36675044236}.Release|x86.ActiveCfg = Release|Win32
		{DA1FF12F-3E19-4FA1-A7A0-C36675044236}.Release|x86.Build.0 = Release|Win32
		{E7DB6BAF-F974-4A4E-B9A6-36C5CD78972E}.Debug|x64.ActiveCfg = Debug|x64
		{E7DB6BAF-F974-4A4E-B9A6-36C5CD78972E}.Debug|x64.Build.0 = Debug|x64
		{E7DB6BAF-F974-4A4E-B9A6-36C5CD78972E}.Debug|x86.ActiveCfg = Debug|Win32
		{E7DB6BAF-F974-4A4E-B9A6-36C5CD78972E}.Debug|x86.Build.0 = Debug|Win32
		{E7DB6BAF-F974-4A4E-B9A6-36C5CD78972E}.Release|x64.ActiveCfg = Release|x64
		{E7DB6BAF-F974-4A4E-B9A6-36C5CD78972E}.Release|x64.Build.0 = Release|x64
		{E7DB6BAF-F974-4A4E-B9A6-36C5CD78972E}.Release|x86.ActiveCfg = Release|Win32
		{E7DB6BAF-F974-4A4E-B9A6-36C5CD78972E}.Release|x86.Build.0 = Release|Win32
		{7FFAF8CF-B367-461B-8F73-B35305ADECA3}.Debug|x64.ActiveCfg = Debug|x64
		{7FFAF8CF-B367-461B-8F73-B35305ADECA3}.Debug|x64.Build.0 = Debug|x64
		{7FFAF8CF-B367-461B-8F73-B35305ADECA3}.Debug|x86.ActiveCfg = Debug|Win32
		{7FFAF8CF-B367-461B-8F73-B35305ADECA3}.Debug|x86.Build.0 = Debug|Win32
		{7FFAF8CF-B367-461B-8F73-B35305ADECA3}.Release|x64.ActiveCfg = Release|x64
		{7FFAF8CF-B367-461B-8F73-B35305ADECA3}.Release|x64.Build.0 = Release|x64
		{7FFAF8CF-B367-461B-8F73-B35305ADECA3}.Release|x86.ActiveCfg = Release|Win32
		{7FFAF8CF-B367-461B-8F73-B35305ADECA3}.Release|x86.Build.0 = Release|Win32
		{D45B167B-445A-40A8-AA96-081E404AE588}.Debug|x64.ActiveCfg = Debug|x64
		{D45B167B-445A-40A8-AA96-081E404AE588}.Debug|x64.Build.0 = Debug|x64
		{D45B167B-445A-40A8-AA96-081E404AE588}.Debug|x86.ActiveCfg = Debug|Win32
		{D45B167B-445A-40A8-AA96-081E404AE588}.Debug|x86.Build.0 = Debug|Win32
		{D45B167B-445A-40A8-AA96-081E404AE588}.Release|x64.ActiveCfg = Release|x64
		{D45B167B-445A-40A8-AA96-081E404AE588}.Release|x64.Build.0 = Release|x64
		{D45B167B-445A-40A8-AA96-081E404AE588}.Release|x86.ActiveCfg = Release|Win32
		{D45B167B-445A-40A8-AA96-081E404AE588}.Release|x86.Build.0 = Release|Win32
		{3CAAB7F8-5D52-46D0-877C-02B000D94A87}.Debug|x64.ActiveCfg = Debug|x64
		{3CAAB7F8-5D52-46D0-877C-02B000D94A87}.Debug|x64.Build.0 = Debug|x64
		{3CAAB7F8-5D52-46D0-877C-02B000D94A87}.Debug|x86.ActiveCfg = Debug|Win32
		{3CAAB7F8-5D52-46D0-877C-02B000D94A87}.Debug|x86.Build.0 = Debug|Win32
		{3CAAB7F8-5D52-46D0-877C-02B000D94A87}.Release|x64.ActiveCfg = Release|x64
		{3CAAB7F8-5D52-46D0-877C-02B000D94A87}.Release|x64.Build.0 = Release|x64
		{3CAAB7F8-5D52-46D0-877C-02B000D94A87}.Release|x86.ActiveCfg = Release|Win32
		{3CAAB7F8-5D52-46D0-877C-02B000D94A87}.Release|x86.Build.0 = Release|Win32
		{2307B6F2-C6EA-4E0A-93E7-53C7C1F41504}.Debug|x64.ActiveCfg = Debug|x64
		{2307B6F2-C6EA-4E0A-93E7-53C7C1F41504}.Debug|x64.Build.0 = Debug|x64
		{2307B6F2-C6EA-4E0A-93E7-53C7C1F41504}.Debug|x86.ActiveCfg = Debug|Win32
		{2307B6F2-C6EA-4E0A-93E7-53C7C1F41504}.Debug|x86.Build.0 = Debug|Win32
		{2307B6F2-C6EA-4E0A-93E7-53C7C1F41504}.Release|x64.ActiveCfg = Release|x64
		{2307B6F2-C6EA-4E0A-93E7-53C7C1F41504}.Release|x64.Build.0 = Release|x64
		{2307B6F2-C6EA-4E0A-93E7-53C7C1F41504}.Release|x86.ActiveCfg = Release|Win32
		{2307B6F2-C6EA-4E0A-93E7-53C7C1F41504}.Release|x86.Build.0 = Release|Win32
		{FC26CE46-C83D-41C7-9ACC-861381B38310}.Debug|x64.ActiveCfg = Debug|x64
		{FC26CE46-C83D-41C7-9ACC-861381B38310}.Debug|x64.Build.0 = Debug|x64
		{FC26CE46-C83D-41C7-9ACC-861381B38310}.Debug|x86.ActiveCfg = Debug|Win32
		{FC26CE46-C83D-41C7-9ACC-861381B38310}.Debug|x86.Build.0 = Debug|Win32
		{FC26CE46-C83D-41C7-9ACC-861381B38310}.Release|x64.ActiveCfg = Release|x64
		{FC26CE46-C83D-41C7-9ACC-861381B38310}.Release|x64.Build.0 = Release|x64
		{FC26CE46-C83D-41C7-9ACC-861381B38310}.Release|x86.ActiveCfg = Release|Win32
		{FC26CE46-C83D-41C7-9ACC-861381B38310}.Release|x86.Build.0 = Release|Win32
		{9859ECD7-B76D-4FD1-86D1-CB803522EA86}.Debug|x64.ActiveCfg = Debug|x64
		{9859ECD7-B76D-4FD1-86D1-CB803522EA86}.Debug|x64.Build.0 = Debug|x64
		{9859ECD7-B76D-4FD1-86D1-CB803522EA86}.Debug|x86.ActiveCfg = Debug|Win32
		{9859ECD7-B76D-4FD1-86D1-CB803522EA86}.Debug|x86.Build.0 = Debug|Win32
		{9859ECD7-B76D-4FD1-86D1-CB803522EA86}.Release|x64.ActiveCfg = Release|x64
		{9859ECD7-B76D-4FD1-86D1-CB803522EA86}.Release|x64.Build.0 = Release|x64
		{9859ECD7-B76D-4FD1-86D1-CB803522EA86}.Release|x86.ActiveCfg = Release|Win32
		{9859ECD7-B76D-4FD1-86D1-CB803522EA86}.Release|x86.Build.0 = Release|Win32
		{75F0AE81-52EB-4FF3-94CA-29D92CABFF27}.Debug|x64.ActiveCfg = Debug|x64
		{75F0AE81-52EB-4FF3-94CA-29D92CABFF27}.Debug|x64.Build.0 = Debug|x64
		{75F0AE81-52EB-4FF3-94CA-29D92CABFF27}.Debug|x86.ActiveCfg = Debug|Win32
		{75F0AE81-52EB-4FF3-94CA-29D92CABFF27}.Debug|x86.Build.0 = Debug|Win32
		{75F0AE81-52EB-4FF3-94CA-29D92CABFF27}.Release|x64.ActiveCfg = Release|x64
		{75F0AE81-52EB-4FF3-94CA-29D92CABFF27}.Release|x64.Build.0 = Release|x64
		{75F0AE81-52EB-4FF3-94CA-29D92CABFF27}.Release|x86.ActiveCfg = Release|Win32
		{75F0AE81-52EB-4FF3-94CA-29D92CABFF27}.Release|x86.Build.0 = Release|Win32
		{F3E97682-D381-4EC7-8001-CD53980C76C3}.Debug|x64.ActiveCfg = Debug|x64
		{F3E97682-D381-4EC7-8001-CD53980C76C3}.Debug|x64.Build.0 = Debug|x64
		{F3E97682-D381-4EC7-8001-CD53980C76C3}.Debug|x86.ActiveCfg = Debug|Win32
		{F3E97682-D381-4EC7-8001-CD53980C76C3}.Debug|x86.Build.0 = Debug|Win32
		{F3E97682-D381-4EC7-8001-CD53980C76C3}.Release|x64.ActiveCfg = Release|x64
		{F3E97682-D381-4EC7-8001-CD53980C76C3}.Release|x64.Build.0 = Release|x64
		{F3E97682-D381-4EC7-8001-CD53980C76C3}.Release|x86.ActiveCfg = Release|Win32
		{F3E97682-D381-4EC7-8001-CD53980C76C3}.Release|x86.Build.0 = Release|Win32
		{9D5D0481-DD34-4D33-A1C7-9A0A97DDF106}.Debug|x64.ActiveCfg = Debug|x64
		{9D5D0481-DD34-4D33-A1C7-9A0A97DDF106}.Debug|x64.Build.0 = Debug|x64
		{9D5D0481-DD34-4D33-A1C7-9A0A97DDF106}.Debug|x86.ActiveCfg = Debug|Win32
		{9D5D0481-DD34-4D33-A1C7-9A0A97DDF106}.Debug|x86.Build.0 = Debug|Win32
		{9D5D0481-DD34-4D33-A1C7-9A0A97DDF106}.Release|x64.ActiveCfg = Release|x64
		{9D5D0481-DD34-4D33-A1C7-9A0A97DDF106}.Release|x64.Build.0 = Release|x64
		{9D5D0481-DD34-4D33-A1C7-9A0A97DDF106}.Release|x86.ActiveCfg = Release|Win32
		{9D5D0481-DD34-4D33-A1C7-9A0A97DDF106}.Release|x86.Build.0 = Release|Win32
		{CFE69639-D487-4D76-865A-1CE1BA494308}.Debug|x64.ActiveCfg = Debug|x64
		{CFE69639-D487-4D76-865A-1CE1BA494308}.Debug|x64.Build.0 = Debug|x64
		{CFE69639-D487-4D76-865A-1CE1BA494308}.Debug|x86.ActiveCfg = Debug|Win32
		{CFE69639-D487-4D76-865A-1CE1BA494308}.Debug|x86.Build.0 = Debug|Win32
		{CFE69639-D487-4D76-865A-1CE1BA494308}.Release|x64.ActiveCfg = Release|x64
		{CFE69639-D487-4D76-865A-1CE1BA494308}.Release|x64.Build.0 = Release|x64
		{CFE69639-D487-4D76-865A-1CE1BA494308}.Release|x86.ActiveCfg = Release|Win32
		{CFE69639-D487-4D76-865A-1CE1BA494308}.Release|x86.Build.0 = Release|Win32
		{9B9AB75B-70B6-499B-8255-A1A3F2063768}.Debug|x64.ActiveCfg = Debug|x64
		{9B9AB75B-70B6-499B-8255-A1A3F2063768}.Debug|x64.Build.0 = Debug|x64
		{9B9AB75B-70B6-499B-8255-A1A3F2063768}.Debug|x86.ActiveCfg = Debug|Win32
		{9B9AB75B-70B6-499B-8255-A1A3F2063768}.Debug|x86.Build.0 = Debug|Win32
		{9B9AB75B-70B6-499B-8255-A1A3F2063768}.Release|x64.ActiveCfg = Release|x64
		{9B9AB75B-70B6-499B-8255-A1A3F2063768}.Release|x64.Build.0 = Release|x64
		{9B9AB75B-70B6-499B-8255-A1A3F2063768}.Release|x86.ActiveCfg = Release|Win32
		{9B9AB75B-70B6-499B-8255-A1A3F2063768}.Release|x86.Build.0 = Release|Win32
		{AA393B99-541B-4774-8B30-59BF599FE9DF}.Debug|x64.ActiveCfg = Debug|x64
		{AA393B99-541B-4774-8B30-59BF599FE9DF}.Debug|x64.Build.0 = Debug|x64
		{AA393B99-541B-4774-8B30-59BF599FE9DF}.Debug|x86.ActiveCfg = Debug|Win32
		{AA393B99-541B-4774-8B30-59BF599FE9DF}.Debug|x86.Build.0 = Debug|Win32
		{AA393B99-541B-4774-8B30-59BF599FE9DF}.Release|x64.ActiveCfg = Release|x64
		{AA393B99-541B-4774-8B30-59BF599FE9DF}.Release|x64.Build.0 = Release|x64
		{AA393B99-541B-4774-8B30-59BF599FE9DF}.Release|x86.ActiveCfg = Release|Win32
		{AA393B99-541B-4774-8B30-59BF599FE9DF}.Release|x86.Build.0 = Release|Win32
		{A5AD2064-95CF-483D-AD81-78772E83F751}.Debug|x64.ActiveCfg = Debug|x64
		{A5AD2064-95CF-483D-AD81-78772E83F751}.Debug|x64.Build.0 = Debug|x64
		{A5AD2064-95CF-483D-AD81-78772E83F751}.Debug|x86.ActiveCfg = Debug|Win32
		{A5AD2064-95CF-483D-AD81-78772E83F751}.Debug|x86.Build.0 = Debug|Win32
		{A5AD2064-95CF-483D-AD81-78772E83F751}.Release|x64.ActiveCfg = Release|x64
		{A5AD2064-95CF-483D-AD81-78772E83F751}.Release|x64.Build.0 = Release|x64
		{A5AD2064-95CF-483D-AD81-78772E83F751}.Release|x86.ActiveCfg = Release|Win32
		{A5AD2064-95CF-483D-AD81-78772E83F751}.Release|x86.Build.0 = Release|Win32
		{D601CA5B-E227-45AF-8E13-F5FF4B097D59}.Debug|x64.ActiveCfg = Debug|x64
		{D601CA5B-E227-45AF-8E13-F5FF4B097D59}.Debug|x64.Build.0 = Debug|x64
		{D601CA5B-E227-45AF-8E13-F5FF4B097D59}.Debug|x86.ActiveCfg = Debug|Win32
		{D601CA5B-E227-45AF-8E13-F5FF4B097D59}.Debug|x86.Build.0 = Debug|Win32
		{D601CA5B-E227-45AF-8E13-F5FF4B097D59}.Release|x64.ActiveCfg = Release|x64
		{D601CA5B-E227-45AF-8E13-F5FF4B097D59}.Release|x64.Build.0 = Release|x64
		{D601CA5B-E227-45AF-8E13-F5FF4B097D59}.Release|x86.ActiveCfg = Release|Win32
		{D601CA5B-E227-45AF-8E13-F5FF4B097D59}.Release|x86.Build.0 = Release|Win32
		{9C4277A2-D123-4D4B-B7FD-5CB3FC3CFFCC}.Debug|x64.ActiveCfg = Debug|x64
		{9C4277A2-D123-4D4B-B7FD-5CB3FC3CFFCC}.Debug|x64.Build.0 = Debug|x64
		{9C4277A2-D123-4D4B-B7FD-5CB3FC3CFFCC}.Debug|x86.ActiveCfg = Debug|Win32
		{9C4277A2-D123-4D4B-B7FD-5CB3FC3CFFCC}.Debug|x86.Build.0 = Debug|Win32
		{9C4277A2-D123-4D4B-B7FD-5CB3FC3CFFCC}.Release|x64.ActiveCfg = Release|x64
		{9C4277A2-D123-4D4B-B7FD-5CB3FC3CFFCC}.Release|x64.Build.0 = Release|x64
		{9C4277A2-D123-4D4B-B7FD-5CB3FC3CFFCC}.Release|x86.ActiveCfg = Release|Win32
		{9C4277A2-D123-4D4B-B7FD-5CB3FC3CFFCC}.Release|x86.Build.0 = Release|Win32
		{C9ABCE11-9EE9-4C72-836C-55B85ADC2ED4}.Debug|x64.ActiveCfg = Debug|x64
		{C9ABCE11-9EE9-4C72-836C-55B85ADC2ED4}.Debug|x64.Build.0 = Debug|x64
		{C9ABCE11-9EE9-4C72-836C-55B85ADC2ED4}.Debug|x86.ActiveCfg = Debug|Win32
		{C9ABCE11-9EE9-4C72-836C-55B85ADC2ED4}.Debug|x86.Build.0 = Debug|Win32
		{C9ABCE11-9EE9-4C72-836C-55B85ADC2ED4}.Release|x64.ActiveCfg = Release|x64
		{C9ABCE11-9EE9-4C72-836C-55B85ADC2ED4}.Release|x64.Build.0 = Release|x64
		{C9ABCE11-9EE9-4C72-836C-55B85ADC2ED4}.Release|x86.ActiveCfg = Release|Win32
		{C9ABCE11-9EE9-4C72-836C-55B85ADC2ED4}.Release|x86.Build.0 = Release|Win32
		{D2EF588E-69D3-4DD9-8C57-91C4B3B4F45F}.Debug|x64.ActiveCfg = Debug|x64
		{D2EF588E-69D3-4DD9-8C57-91C4B3B4F45F}.Debug|x64.Build.0 = Debug|x64
		{D2EF588E-69D3-4DD9-8C57-91C4B3B4F45F}.Debug|x86.ActiveCfg = Debug|Win32
		{D2EF588E-69D3-4DD9-8C57-91C4B3B4F45F}.Debug|x86.Build.0 = Debug|Win32
		{D2EF588E-69D3-4DD9-8C57-91C4B3B4F45F}.Release|x64.ActiveCfg = Release|x64
		{D2EF588E-69D3-4DD9-8C57-91C4B3B4F45F}.Release|x64.Build.0 = Release|x64
		{D2EF588E-69D3-4DD9-8C57-91C4B3B4F45F}.Release|x86.ActiveCfg = Release|Win32
		{D2EF588E-69D3-4DD9-8C57-91C4B3B4F45F}.Release|x86.Build.0 = Release|Win32
		{108F9526-D6D9-480C-9176-475D6F968AAB}.Debug|x64.ActiveCfg = Debug|x64
		{108F9526-D6D9-480C-9176-475D6F968AAB}.Debug|x64.Build.0 = Debug|x64
		{108F9526-D6D9-480C-9176-475D6F968AAB}.Debug|x86.ActiveCfg = Debug|Win32
		{108F9526-D6D9-480C-9176-475D6F968AAB}.Debug|x86.Build.0 = Debug|Win32
		{108F9526-D6D9-480C-9176-475D6F968AAB}.Release|x64.ActiveCfg = Release|x64
		{108F9526-D6D9-480C-9176-475D6F968AAB}.Release|x64.Build.0 = Release|x64
		{108F9526-D6D9-480C-9176-475D6F968AAB}.Release|x86.ActiveCfg = Release|Win32
		{108F9526-D6D9-480C-9176-475D6F968AAB}.Release|x86.Build.0 = Release|Win32
		{FD9C61F8-CB8C-46BC-985E-0A951EFEE996}.Debug|x64.ActiveCfg = Debug|x64
		{FD9C61F8-CB8C-46BC-985E-0A951EFEE996}.Debug|x64.Build.0 = Debug|x64
		{FD9C61F8-CB8C-46BC-985E-0A951EFEE996}.Debug|x86.ActiveCfg = Debug|Win32
		{FD9C61F8-CB8C-46BC-985E-0A951EFEE996}.Debug|x86.Build.0 = Debug|Win32
		{FD9C61F8-CB8C-46BC-985E-0A951EFEE996}.Release|x64.ActiveCfg = Release|x64
		{FD9C61F8-CB8C-46BC-985E-0A951EFEE996}.Release|x64.Build.0 = Release|x64
		{FD9C61F8-CB8C-46BC-985E-0A951EFEE996}.Release|x86.ActiveCfg = Release|Win32
		{FD9C61F8-CB8C-46BC-985E-0A951EFEE996}.Release|x86.Build.0 = Release|Win32
		{44FE75BC-0C2A-47D9-83B5-E1CC34A50A33}.Debug|x64.ActiveCfg = Debug|x64
		{44FE75BC-0C2A-47D9-83B5-E1CC34A50A33}.Debug|x64.Build.0 = Debug|x64
		{44FE75BC-0C2A-47D9-83B5-E1CC34A50A33}.Debug|x86.ActiveCfg = Debug|Win32
		{44FE75BC-0C2A-47D9-83B5-E1CC34A50A33}.Debug|x86.Build.0 = Debug|Win32
		{44FE75BC-0C2A-47D9-83B5-E1CC34A50A33}.Release|x64.ActiveCfg = Release|x64
		{44FE75BC-0C2A-47D9-83B5-E1CC34A50A33}.Release|x64.Build.0 = Release|x64
		{44FE75BC-0C2A-47D9-83B5-E1CC34A50A33}.Release|x86.ActiveCfg = Release|Win32
		{44FE75BC-0C2A-47D9-83B5-E1CC34A50A33}.Release|x86.Build.0 = Release|Win32
		{8D9DDCAB-294E-4700-BFAF-D3C3A9878739}.Debug|x64.ActiveCfg = Debug|x64
		{8D9DDCAB-294E-4700-BFAF-D3C3A9878739}.Debug|x64.Build.0 = Debug|x64
		{8D9DDCAB-294E-4700-BFAF-D3C3A9878739}.Debug|x86.ActiveCfg = Debug|Win32
		{8D9DDCAB-294E-4700-BFAF-D3C3A9878739}.Debug|x86.Build.0 = Debug|Win32
		{8D9DDCAB-294E-4700-BFAF-D3C3A9878739}.Release|x64.ActiveCfg = Release|x64
		{8D9DDCAB-294E-4700-BFAF-D3C3A9878739}.Release|x64.Build.0 = Release|x64
		{8D9DDCAB-294E-4700-BFAF-D3C3A9878739}.Release|x86.ActiveCfg = Release|Win32
		{8D9DDCAB-294E-4700-BFAF-D3C3A9878739}.Release|x86.Build.0 = Release|Win32
		{695DA61A-88EC-44EE-AF41-855BA963EB55}.Debug|x64.ActiveCfg = Debug|x64
		{695DA61A-88EC-44EE-AF41-855BA963EB55}.Debug|x64.Build.0 = Debug|x64
		{695DA61A-88EC-44EE-AF41-855BA963EB55}.Debug|x86.ActiveCfg = Debug|Win32
		{695DA61A-88EC-44EE-AF41-855BA963EB55}.Debug|x86.Build.0 = Debug|Win32
		{695DA61A-88EC-44EE-AF41-855BA963EB55}.Release|x64.ActiveCfg = Release|x64
		{695DA61A-88EC-44EE-AF41-855BA963EB55}.Release|x64.Build.0 = Release|x64
		{695DA61A-88EC-44EE-AF41-855BA963EB55}.Release|x86.ActiveCfg = Release|Win32
		{695DA61A-88EC-44EE-AF41-855BA963EB55}.Release|x86.Build.0 = Release|Win32
		{D81E58E8-F57A-4119-8124-AADD45FCF2CC}.Debug|x64.ActiveCfg = Debug|x64
		{D81E58E8-F57A-4119-8124-AADD45FCF2CC}.Debug|x64.Build.0 = Debug|x64
		{D81E58E8-F57A-4119-8124-AADD45FCF2CC}.Debug|x86.ActiveCfg = Debug|Win32
		{D81E58E8-F57A-4119-8124-AADD45FCF2CC}.Debug|x86.Build.0 = Debug|Win32
		{D81E58E8-F57A-4119-8124-AADD45FCF2CC}.Release|x64.ActiveCfg = Release|x64
		{D81E58E8-F57A-4119-8124-AADD45FCF2CC}.Release|x64.Build.0 = Release|x64
		{D81E58E8-F57A-4119-8124-AADD45FCF2CC}.Release|x86.ActiveCfg = Release|Win32
		{D81E58E8-F57A-4119-8124-AADD45FCF2CC}.Release|x86.Build.0 = Release|Win32
		{D3351C0F-E518-4086-B655-65B740708BA7}.Debug|x64.ActiveCfg = Debug|x64
		{D3351C0F-E518-4086-B655-65B740708BA7}.Debug|x64.Build.0 = Debug|x64
		{D3351C0F-E518-4086-B655-65B740708BA7}.Debug|x86.ActiveCfg = Debug|Win32
		{D3351C0F-E518-4086-B655-65B740708BA7}.Debug|x86.Build.0 = Debug|Win32
		{D3351C0F-E518-4086-B655-65B740708BA7}.Release|x64.ActiveCfg = Release|x64
		{D3351C0F-E518-4086-B655-65B740708BA7}.Release|x64.Build.0 = Release|x64
		{D3351C0F-E518-4086-B655-65B740708BA7}.Release|x86.ActiveCfg = Release|Win32
		{D3351C0F-E518-4086-B655-65B740708BA7}.Release|x86.Build.0 = Release|Win32
		{11E4DDDD-6334-4162-8370-72D2763BB9DD}.Debug|x64.ActiveCfg = Debug|x64
		{11E4DDDD-6334-4162-8370-72D2763BB9DD}.Debug|x64.Build.0 = Debug|x64
		{11E4DDDD-6334-4162-8370-72D2763BB9DD}.Debug|x86.ActiveCfg = Debug|Win32
		{11E4DDDD-6334-4162-8370-72D2763BB9DD}.Debug|x86.Build.0 = Debug|Win32
		{11E4DDDD-6334-4162-8370-72D2763BB9DD}.Release|x64.ActiveCfg = Release|x64
		{11E4DDDD-6334-4162-8370-72D2763BB9DD}.Release|x64.Build.0 = Release|x64
		{11E4DDDD-6334-4162-8370-72D2763BB9DD}.Release|x86.ActiveCfg = Release|Win32
		{11E4DDDD-6334-4162-8370-72D2763BB9DD}.Release|x86.Build.0 = Release|Win32
		{FDFA3967-AA86-4025-B7A1-1F026F55B266}.Debug|x64.ActiveCfg = Debug|x64
		{FDFA3967-AA86-4025-B7A1-1F026F55B266}.Debug|x64.Build.0 = Debug|x64
		{FDFA3967-AA86-4025-B7A1-1F026F55B266}.Debug|x86.ActiveCfg = Debug|Win32
		{FDFA3967-AA86-4025-B7A1-1F026F55B266}.Debug|x86.Build.0 = Debug|Win32
		{FDFA3967-AA86-4025-B7A1-1F026F55B266}.Release|x64.ActiveCfg = Release|x64
		{FDFA3967-AA86-4025-B7A1-1F026F55B266}.Release|x64.Build.0 = Release|x64
		{FDFA3967-AA86-4025-B7A1-1F026F55B266}.Release|x86.ActiveCfg = Release|Win32
		{FDFA3967-AA86-4025-B7A1-1F026F55B266}.Release|x86.Build.0 = Release|Win32
		{F9D75F45-BCC8-4870-A0C8-37BACA73E5FB}.Debug|x64.ActiveCfg = Debug|x64
		{F9D75F45-BCC8-4870-A0C8-37BACA73E5FB}.Debug|x64.Build.0 = Debug|x64
		{F9D75F45-BCC8-4870-A0C8-37BACA73E5FB}.Debug|x86.ActiveCfg = Debug|Win32
		{F9D75F45-BCC8-4870-A0C8-37BACA73E5FB}.Debug|x86.Build.0 = Debug|Win32
		{F9D75F45-BCC8-4870-A0C8-37BACA73E5FB}.Release|x64.ActiveCfg = Release|x64
		{F9D75F45-BCC8-4870-A0C8-37BACA73E5FB}.Release|x64.Build.0 = Release|x64
		{F9D75F45-BCC8-4870-A0C8-37BACA73E5FB}.Release|x86.ActiveCfg = Release|Win32
		{F9D75F45-BCC8-4870-A0C8-37BACA73E5FB}.Release|x86.Build.0 = Release|Win32
		{D9F96D9C-8405-4B2B-B737-17EF479052E3}.Debug|x64.ActiveCfg = Debug|x64
		{D9F96D9C-8405-4B2B-B737-17EF479052E3}.Debug|x64.Build.0 = Debug|x64
		{D9F96D9C-8405-4B2B-B737-17EF479052E3}.Debug|x86.ActiveCfg = Debug|Win32
		{D9F96D9C-8405-4B2B-B737-17EF479052E3}.Debug|x86.Build.0 = Debug|Win32
		{D9F96D9C-8405-4B2B-B737-17EF479052E3}.Release|x64.ActiveCfg = Release|x64
		{D9F96D9C-8405-4B2B-B737-17EF479052E3}.Release|x64.Build.0 = Release|x64
		{D9F96D9C-8405-4B2B-B737-17EF479052E3}.Release|x86.ActiveCfg = Release|Win32
		{D9F96D9C-8405-4B2B-B737-17EF479052E3}.Release|x86.Build.0 = Release|Win32
		{1BCE0536-163C-4C6F-834B-29BEF4965C38}.Debug|x64.ActiveCfg = Debug|x64
		{1BCE0536-163C-4C6F-834B-29BEF4965C38}.Debug|x64.Build.0 = Debug|x64
		{1BCE0536-163C-4C6F-834B-29BEF4965C38}.Debug|x86.ActiveCfg = Debug|Win32
		{1BCE0536-163C-4C6F-834B-29BEF4965C38}.Debug|x86.Build.0 = Debug|Win32
		{1BCE0536-163C-4C6F-834B-29BEF4965C38}.Release|x64.ActiveCfg = Release|x64
		{1BCE0536-163C-4C6F-834B-29BEF4965C38}.Release|x64.Build.0 = Release|x64
		{1BCE0536-163C-4C6F-834B-29BEF4965C38}.Release|x86.ActiveCfg = Release|Win32
		{1BCE0536-163C-4C6F-834B-29BEF4965C38}.Release|x86.Build.0 = Release|Win32
		{8912BD1F-0D54-40F7-9EAC-369DBB96D418}.Debug|x64.ActiveCfg = Debug|x64
		{8912BD1F-0D54-40F7-9EAC-369DBB96D418}.Debug|x64.Build.0 = Debug|x64
		{8912BD1F-0D54-40F7-9EAC-369DBB96D418}.Debug|x86.ActiveCfg = Debug|Win32
		{8912BD1F-0D54-40F7-9EAC-369DBB96D418}.Debug|x86.Build.0 = Debug|Win32
		{8912BD1F-0D54-40F7-9EAC-369DBB96D418}.Release|x64.ActiveCfg = Release|x64
		{8912BD1F-0D54-40F7-9EAC-369DBB96D418}.Release|x64.Build.0 = Release|x64
		{8912BD1F-0D54-40F7-9EAC-369DBB96D418}.Release|x86.ActiveCfg = Release|Win32
		{8912BD1F-0D54-40F7-9EAC-369DBB96D418}.Release|x86.Build.0 = Release|Win32
		{AF4A0707-E332-4778-90E1-4AB06C108AA9}.Debug|x64.ActiveCfg = Debug|x64
		{AF4A0707-E332-4778-90E1-4AB06C108AA9}.Debug|x64.Build.0 = Debug|x64
		{AF4A0707-E332-4778-90E1-4AB06C108AA9}.Debug|x86.ActiveCfg = Debug|Win32
		{AF4A0707-E332-4778-90E1-4AB06C108AA9}.Debug|x86.Build.0 = Debug|Win32
		{AF4A0707-E332-4778-90E1-4AB06C108AA9}.Release|x64.ActiveCfg = Release|x64
		{AF4A0707-E332-4778-90E1-4AB06C108AA9}.Release|x64.Build.0 = Release|x64
		{AF4A0707-E332-4778-90E1-4AB06C108AA9}.Release|x86.ActiveCfg = Release|Win32
		{AF4A0707-E332-4778-90E1-4AB06C108AA9}.Release|x86.Build.0 = Release|Win32
		{520C1B45-411F-4EB7-A37C-F17B4EDD212A}.Debug|x64.ActiveCfg = Debug|x64
		{520C1B45-411F-4EB7-A37C-F17B4EDD212A}.Debug|x64.Build.0 = Debug|x64
		{520C1B45-411F-4EB7-A37C-F17B4EDD212A}.Debug|x86.ActiveCfg = Debug|Win32
		{520C1B45-411F-4EB7-A37C-F17B4EDD212A}.Debug|x86.Build.0 = Debug|Win32
		{520C1B45-411F-4EB7-A37C-F17B4EDD212A}.Release|x64.ActiveCfg = Release|x64
		{520C1B45-411F-4EB7-A37C-F17B4EDD212A}.Release|x64.Build.0 = Release|x64
		{520C1B45-411F-4EB7-A37C-F17B4EDD212A}.Release|x86.ActiveCfg = Release|Win32
		{520C1B45-411F-4EB7-A37C-F17B4EDD212A}.Release|x86.Build.0 = Release|Win32
		{23E1691E-3A93-445A-A0B8-685526CBC419}.Debug|x64.ActiveCfg = Debug|x64
		{23E1691E-3A93-445A-A0B8-685526CBC419}.Debug|x64.Build.0 = Debug|x64
		{23E1691E-3A93-445A-A0B8-685526CBC419}.Debug|x86.ActiveCfg = Debug|Win32
		{23E1691E-3A93-445A-A0B8-685526CBC419}.Debug|x86.Build.0 = Debug|Win32
		{23E1691E-3A93-445A-A0B8-685526CBC419}.Release|x64.ActiveCfg = Release|x64
		{23E1691E-3A93-445A-A0B8-685526CBC419}.Release|x64.Build.0 = Release|x64
		{23E1691E-3A93-445A-A0B8-685526CBC419}.Release|x86.ActiveCfg = Release|Win32
		{23E1691E-3A93-445A-A0B8-685526CBC419}.Release|x86.Build.0 = Release|Win32
		{40B33BA6-3E78-409E-8EE2-DCF6D120603D}.Debug|x64.ActiveCfg = Debug|x64
		{40B33BA6-3E78-409E-8EE2-DCF6D120603D}.Debug|x64.Build.0 = Debug|x64
		{40B33BA6-3E78-409E-8EE2-DCF6D120603D}.Debug|x86.ActiveCfg = Debug|Win32
		{40B33BA6-3E78-409E-8EE2-DCF6D120603D}.Debug|x86.Build.0 = Debug|Win32
		{40B33BA6-3E78-409E-8EE2-DCF6D120603D}.Release|x64.ActiveCfg = Release|x64
		{40B33BA6-3E78-409E-8EE2-DCF6D120603D}.Release|x64.Build.0 = Release|x64
		{40B33BA6-3E78-409E-8EE2-DCF6D120603D}.Release|x86.ActiveCfg = Release|Win32
		{40B33BA6-3E78-409E-8EE2-DCF6D120603D}.Release|x86.Build.0 = Release|Win32
		{4A464172-F4E2-4F8D-BC88-1DCBBC7D0155}.Debug|x64.ActiveCfg = Debug|x64
		{4A464172-F4E2-4F8D-BC88-1DCBBC7D0155}.Debug|x64.Build.0 = Debug|x64
		{4A464172-F4E2-4F8D-BC88-1DCBBC7D0155}.Debug|x86.ActiveCfg = Debug|Win32
		{4A464172-F4E2-4F8D-BC88-1DCBBC7D0155}.Debug|x86.Build.0 = Debug|Win32
		{4A464172-F4E2-4F8D-BC88-1DCBBC7D0155}.Release|x64.ActiveCfg = Release|x64
		{4A464172-F4E2-4F8D-BC88-1DCBBC7D0155}.Release|x64.Build.0 = Release|x64
		{4A464172-F4E2-4F8D-BC88-1DCBBC7D0155}.Release|x86.ActiveCfg = Release|Win32
		{4A464172-F4E2-4F8D-BC88-1DCBBC7D0155}.Release|x86.Build.0 = Release|Win32
		{3E8A4179-2D5E-4101-9358-5252C223D9D1}.Debug|x64.ActiveCfg = Debug|x64
		{3E8A4179-2D5E-4101-9358-5252C223D9D1}.Debug|x64.Build.0 = Debug|x64
		{3E8A4179-2D5E-4101-9358-5252C223D9D1}.Debug|x86.ActiveCfg = Debug|Win32
		{3E8A4179-2D5E-4101-9358-5252C223D9D1}.Debug|x86.Build.0 = Debug|Win32
		{3E8A4179-2D5E-4101-9358-5252C223D9D1}.Release|x64.ActiveCfg = Release|x64
		{3E8A4179-2D5E-4101-9358-5252C223D9D1}.Release|x64.Build.0 = Release|x64
		{3E8A4179-2D5E-4101-9358-5252C223D9D1}.Release|x86.ActiveCfg = Release|Win32
		{3E8A4179-2D5E-4101-9358-5252C223D9D1}.Release|x86.Build.0 = Release|Win32
		{776A6DA6-4EFB-43A9-859B-2A13C65E6635}.Debug|x64.ActiveCfg = Debug|x64
		{776A6DA6-4EFB-43A9-859B-2A13C65E6635}.Debug|x64.Build.0 = Debug|x64
		{776A6DA6-4EFB-43A9-859B-2A13C65E6635}.Debug|x86.ActiveCfg = Debug|Win32
		{776A6DA6-4EFB-43A9-859B-2A13C65E6635}.Debug|x86.Build.0 = Debug|Win32
		{776A6DA6-4EFB-43A9-859B-2A13C65E6635}.Release|x64.ActiveCfg = Release|x64
		{776A6DA6-4EFB-43A9-859B-2A13C65E6635}.Release|x64.Build.0 = Release|x64
		{776A6DA6-4EFB-43A9-859B-2A13C65E6635}.Release|x86.ActiveCfg = Release|Win32
		{776A6DA6-4EFB-43A9-859B-2A13C65E6635}.Release|x86.Build.0 = Release|Win32
		{5FC6ADC1-1933-46EE-B5EF-1419F0B6E18B}.Debug|x64.ActiveCfg = Debug|x64
		{5FC6ADC1-1933-46EE-B5EF-1419F0B6E18B}.Debug|x64.Build.0 = Debug|x64
		{5FC6ADC1-1933-46EE-B5EF-1419F0B6E18B}.Debug|x86.ActiveCfg = Debug|Win32
		{5FC6ADC1-1933-46EE-B5EF-1419F0B6E18B}.Debug|x86.Build.0 = Debug|Win32
		{5FC6ADC1-1933-46EE-B5EF-1419F0B6E18B}.Release|x64.ActiveCfg = Release|x64
		{5FC6ADC1-1933-46EE-B5EF-1419F0B6E18B}.Release|x64.Build.0 = Release|x64
		{5FC6ADC1-1933-46EE-B5EF-1419F0B6E18B}.Release|x86.ActiveCfg = Release|Win32
		{5FC6ADC1-1933-46EE-B5EF-1419F0B6E18B}.Release|x86.Build.0 = Release|Win32
		{2713DA6E-8ECC-40E3-BE99-8C01FF1BDFD3}.Debug|x64.ActiveCfg = Debug|x64
		{2713DA6E-8ECC-40E3-BE99-8C01FF1BDFD3}.Debug|x64.Build.0 = Debug|x64
		{2713DA6E-8ECC-40E3-BE99-8C01FF1BDFD3}.Debug|x86.ActiveCfg = Debug|Win32
		{2713DA6E-8ECC-40E3-BE99-8C01FF1BDFD3}.Debug|x86.Build.0 = Debug|Win32
		{2713DA6E-8ECC-40E3-BE99-8C01FF1BDFD3}.Release|x64.ActiveCfg = Release|x64
		{2713DA6E-8ECC-40E3-BE99-8C01FF1BDFD3}.Release|x64.Build.0 = Release|x64
		{2713DA6E-8ECC-40E3-BE99-8C01FF1BDFD3}.Release|x86.ActiveCfg = Release|Win32
		{2713DA6E-8ECC-40E3-BE99-8C01FF1BDFD3}.Release|x86.Build.0 = Release|Win32
		{388E9643-79E9-4DEA-B0C6-73E1C83D2D1C}.Debug|x64.ActiveCfg = Debug|x64
		{388E9643-79E9-4DEA-B0C6-73E1C83D2D1C}.Debug|x64.Build.0 = Debug|x64
		{388E9643-79E9-4DEA-B0C6-73E1C83D2D1C}.Debug|x86.ActiveCfg = Debug|Win32
		{388E9643-79E9-4DEA-B0C6-73E1C83D2D1C}.Debug|x86.Build.0 = Debug|Win32
		{388E9643-79E9-4DEA-B0C6-73E1C83D2D1C}.Release|x64.ActiveCfg = Release|x64
		{388E9643-79E9-4DEA-B0C6-73E1C83D2D1C}.Release|x64.Build.0 = Release|x64
		{388E9643-79E9-4DEA-B0C6-73E1C83D2D1C}.Release|x86.ActiveCfg = Release|Win32
		{388E9643-79E9-4DEA-B0C6-73E1C83D2D1C}.Release|x86.Build.0 = Release|Win32
		{E55AB840-87E5-44E0-ABBD-B6A7CAA4FD5D}.Debug|x64.ActiveCfg = Debug|x64
		{E55AB840-87E5-44E0-ABBD-B6A7CAA4FD5D}.Debug|x64.Build.0 = Debug|x64
		{E55AB840-87E5-44E0-ABBD-B6A7CAA4FD5D}.Debug|x86.ActiveCfg = Debug|Win32
		{E55AB840-87E5-44E0-ABBD-B6A7CAA4FD5D}.Debug|x86.Build.0 = Debug|Win32
		{E55AB840-87E5-44E0-ABBD-B6A7CAA4FD5D}.Release|x64.ActiveCfg = Release|x64
		{E55AB840-87E5-44E0-ABBD-B6A7CAA4FD5D}.Release|x64.Build.0 = Release|x64
		{E55AB840-87E5-44E0-ABBD-B6A7CAA4FD5D}.Release|x86.ActiveCfg = Release|Win32
		{E55AB840-87E5-44E0-ABBD-B6A7CAA4FD5D}.Release|x86.Build.0 = Release|Win32
		{AE22B1D7-8F7A-4E9F-B454-13DD56644E5A}.Debug|x64.ActiveCfg = Debug|x64
		{AE22B1D7-8F7A-4E9F-B454-13DD56644E5A}.Debug|x64.Build.0 = Debug|x64
		{AE22B1D7-8F7A-4E9F-B454-13DD56644E5A}.Debug|x86.ActiveCfg = Debug|Win32
		{AE22B1D7-8F7A-4E9F-B454-13DD56644E5A}.Debug|x86.Build.0 = Debug|Win32
		{AE22B1D7-8F7A-4E9F-B454-13DD56644E5A}.Release|x64.ActiveCfg = Release|x64
		{AE22B1D7-8F7A-4E9F-B454-13DD56644E5A}.Release|x64.Build.0 = Release|x64
		{AE22B1D7-8F7A-4E9F-B454-13DD56644E5A}.Release|x86.ActiveCfg = Release|Win32
		{AE22B1D7-8F7A-4E9F-B454-13DD56644E5A}.Release|x86.Build.0 = Release|Win32
		{28B7012A-AA64-4102-8D0D-6880821C8497}.Debug|x64.ActiveCfg = Debug|x64
		{28B7012A-AA64-4102-8D0D-6880821C8497}.Debug|x64.Build.0 = Debug|x64
		{28B7012A-AA64-4102-8D0D-6880821C8497}.Debug|x86.ActiveCfg = Debug|Win32
		{28B7012A-AA64-4102-8D0D-6880821C8497}.Debug|x86.Build.0 = Debug|Win32
		{28B7012A-AA64-4102-8D0D-6880821C8497}.Release|x64.ActiveCfg = Release|x64
		{28B7012A-AA64-4102-8D0D-6880821C8497}.Release|x64.Build.0 = Release|x64
		{28B7012A-AA64-4102-8D0D-6880821C8497}.Release|x86.ActiveCfg = Release|Win32
		{28B7012A-AA64-4102-8D0D-6880821C8497}.Release|x86.Build.0 = Release|Win32
		{3150496F-B9D4-4C89-9094-4C8B93165798}.Debug|x64.ActiveCfg = Debug|x64
		{3150496F-B9D4-4C89-9094-4C8B93165798}.Debug|x64.Build.0 = Debug|x64
		{3150496F-B9D4-4C89-9094-4C8B93165798}.Debug|x86.ActiveCfg = Debug|Win32
		{3150496F-B9D4-4C89-9094-4C8B93165798}.Debug|x86.Build.0 = Debug|Win32
		{3150496F-B9D4-4C89-9094-4C8B93165798}.Release|x64.ActiveCfg = Release|x64
		{3150496F-B9D4-4C89-9094-4C8B93165798}.Release|x64.Build.0 = Release|x64
		{3150496F-B9D4-4C89-9094-4C8B93165798}.Release|x86.ActiveCfg = Release|Win32
		{3150496F-B9D4-4C89-9094-4C8B93165798}.Release|x86.Build.0 = Release|Win32
		{6FF933C1-2CC4-4982-AB2A-EC4B5BDEEAEC}.Debug|x64.ActiveCfg = Debug|x64
		{6FF933C1-2CC4-4982-AB2A-EC4B5BDEEAEC}.Debug|x64.Build.0 = Debug|x64
		{6FF933C1-2CC4-4982-AB2A-EC4B5BDEEAEC}.Debug|x86.ActiveCfg = Debug|Win32
		{6FF933C1-2CC4-4982-AB2A-EC4B5BDEEAEC}.Debug|x86.Build.0 = Debug|Win32
		{6FF933C1-2CC4-4982-AB2A-EC4B5BDEEAEC}.Release|x64.ActiveCfg = Release|x64
		{6FF933C1-2CC4-4982-AB2A-EC4B5BDEEAEC}.Release|x64.Build.0 = Release|x64
		{6FF933C1-2CC4-4982-AB2A-EC4B5BDEEAEC}.Release|x86.ActiveCfg = Release|Win32
		{6FF933C1-2CC4-4982-AB2A-EC4B5BDEEAEC}.Release|x86.Build.0 = Release|Win32
		{951A10A6-1787-4408-A683-980005F789B2}.Debug|x64.ActiveCfg = Debug|x64
		{951A10A6-1787-4408-A683-980005F789B2}.Debug|x64.Build.0 = Debug|x64
		{951A10A6-1787-4408-A683-980005F789B2}.Debug|x86.ActiveCfg = Debug|Win32
		{951A10A6-1787-4408-A683-980005F789B2}.Debug|x86.Build.0 = Debug|Win32
		{951A10A6-1787-4408-A683-980005F789B2}.Release|x64.ActiveCfg = Release|x64
		{951A10A6-1787-4408-A683-980005F789B2}.Release|x64.Build.0 = Release|x64
		{951A10A6-1787-4408-A683-980005F789B2}.Release|x86.ActiveCfg = Release|Win32
		{951A10A6-1787-4408-A683-980005F789B2}.Release|x86.Build.0 = Release|Win32
		{DE96E8BA-92F6-4FEA-B048-C2178C574778}.Debug|x64.ActiveCfg = Debug|x64
		{DE96E8BA-92F6-4FEA-B048-C2178C574778}.Debug|x64.Build.0 = Debug|x64
		{DE96E8BA-92F6-4FEA-B048-C2178C574778}.Debug|x86.ActiveCfg = Debug|Win32
		{DE96E8BA-92F6-4FEA-B048-C2178C574778}.Debug|x86.Build.0 = Debug|Win32
		{DE96E8BA-92F6-4FEA-B048-C2178C574778}.Release|x64.ActiveCfg = Release|x64
		{DE96E8BA-92F6-4FEA-B048-C2178C574778}.Release|x64.Build.0 = Release|x64
		{DE96E8BA-92F6-4FEA-B048-C2178C574778}.Release|x86.ActiveCfg = Release|Win32
		{DE96E8BA-92F6-4FEA-B048-C2178C574778}.Release|x86.Build.0 = Release|Win32
		{B3C005F4-ADFC-4267-8182-9EFEDE5D25A6}.Debug|x64.ActiveCfg = Debug|x64
		{B3C005F4-ADFC-4267-8182-9EFEDE5D25A6}.Debug|x64.Build.0 = Debug|x64
		{B3C005F4-ADFC-4267-8182-9EFEDE5D25A6}.Debug|x86.ActiveCfg = Debug|Win32
		{B3C005F4-ADFC-4267-8182-9EFEDE5D25A6}.Debug|x86.Build.0 = Debug|Win32
		{B3C005F4-ADFC-4267-8182-9EFEDE5D25A6}.Release|x64.ActiveCfg = Release|x64
		{B3C005F4-ADFC-4267-8182-9EFEDE5D25A6}.Release|x64.Build.0 = Release|x64
		{B3C005F4-ADFC-4267-8182-9EFEDE5D25A6}.Release|x86.ActiveCfg = Release|Win32
		{B3C005F4-ADFC-4267-8182-9EFEDE5D25A6}.Release|x86.Build.0 = Release|Win32
		{CEE8E56F-D4DC-4E7A-AAE5-CB7448B4B406}.Debug|x64.ActiveCfg = Debug|x64
		{CEE8E56F-D4DC-4E7A-AAE5-CB7448B4B406}.Debug|x64.Build.0 = Debug|x64
		{CEE8E56F-D4DC-4E7A-AAE5-CB7448B4B406}.Debug|x86.ActiveCfg = Debug|Win32
		{CEE8E56F-D4DC-4E7A-AAE5-CB7448B4B406}.Debug|x86.Build.0 = Debug|Win32
		{CEE8E56F-D4DC-4E7A-AAE5-CB7448B4B406}.Release|x64.ActiveCfg = Release|x64
		{CEE8E56F-D4DC-4E7A-AAE5-CB7448B4B406}.Release|x64.Build.0 = Release|x64
		{CEE8E56F-D4DC-4E7A-AAE5-CB7448B4B406}.Release|x86.ActiveCfg = Release|Win32
		{CEE8E56F-D4DC-4E7A-AAE5-CB7448B4B406}.Release|x86.Build.0 = Release|Win32
		{80B7FE30-9D1A-4A99-81FB-3C58DDE3CFFF}.Debug|x64.ActiveCfg = Debug|x64
		{80B7FE30-9D1A-4A99-81FB-3C58DDE3CFFF}.Debug|x64.Build.0 = Debug|x64
		{80B7FE30-9D1A-4A99-81FB-3C58DDE3CFFF}.Debug|x86.ActiveCfg = Debug|Win32
		{80B7FE30-9D1A-4A99-81FB-3C58DDE3CFFF}.Debug|x86.Build.0 = Debug|Win32
		{80B7FE30-9D1A-4A99-81FB-3C58DDE3CFFF}.Release|x64.ActiveCfg = Release|x64
		{80B7FE30-9D1A-4A99-81FB-3C58DDE3CFFF}.Release|x64.Build.0 = Release|x64
		{80B7FE30-9D1A-4A99-81FB-3C58DDE3CFFF}.Release|x86.ActiveCfg = Release|Win32
		{80B7FE30-9D1A-4A99-81FB-3C58DDE3CFFF}.Release|x86.Build.0 = Release|Win32
		{EE761D19-5227-44F3-8BB5-A92366901F5A}.Debug|x64.ActiveCfg = Debug|x64
		{EE761D19-5227-44F3-8BB5-A92366901F5A}.Debug|x64.Build.0 = Debug|x64
		{EE761D19-5227-44F3-8BB5-A92366901F5A}.Debug|x86.ActiveCfg = Debug|Win32
		{EE761D19-5227-44F3-8BB5-A92366901F5A}.Debug|x86.Build.0 = Debug|Win32
		{EE761D19-5227-44F3-8BB5-A92366901F5A}.Release|x64.ActiveCfg = Release|x64
		{EE761D19-5227-44F3-8BB5-A92366901F5A}.Release|x64.Build.0 = Release|x64
		{EE761D19-5227-44F3-8BB5-A92366901F5A}.Release|x86.ActiveCfg = Release|Win32
		{EE761D19-5227-44F3-8BB5-A92366901F5A}.Release|x86.Build.0 = Release|Win32
		{5D03A684-CD61-474F-B823-07E870FEC8BE}.Debug|x64.ActiveCfg = Debug|x64
		{5D03A684-CD61-474F-B823-07E870FEC8BE}.Debug|x64.Build.0 = Debug|x64
		{5D03A684-CD61-474F-B823-07E870FEC8BE}.Debug|x86.ActiveCfg = Debug|Win32
		{5D03A684-CD61-474F-B823-07E870FEC8BE}.Debug|x86.Build.0 = Debug|Win32
		{5D03A684-CD61-474F-B823-07E870FEC8BE}.Release|x64.ActiveCfg = Release|x64
		{5D03A684-CD61-474F-B823-07E870FEC8BE}.Release|x64.Build.0 = Release|x64
		{5D03A684-CD61-474F-B823-07E870FEC8BE}.Release|x86.ActiveCfg = Release|Win32
		{5D03A684-CD61-474F-B823-07E870FEC8BE}.Release|x86.Build.0 = Release|Win32
		{89F2A839-5FC2-439D-9CA2-6B0CE1FA1F6E}.Debug|x64.ActiveCfg = Debug|x64
		{89F2A839-5FC2-439D-9CA2-6B0CE1FA1F6E}.Debug|x64.Build.0 = Debug|x64
		{89F2A839-5FC2-439D-9CA2-6B0CE1FA1F6E}.Debug|x86.ActiveCfg = Debug|Win32
		{89F2A839-5FC2-439D-9CA2-6B0CE1FA1F6E}.Debug|x86.Build.0 = Debug|Win32
		{89F2A839-5FC2-439D-9CA2-6B0CE1FA1F6E}.Release|x64.ActiveCfg = Release|x64
		{89F2A839-5FC2-439D-9CA2-6B0CE1FA1F6E}.Release|x64.Build.0 = Release|x64
		{89F2A839-5FC2-439D-9CA2-6B0CE1FA1F6E}.Release|x86.ActiveCfg = Release|Win32
		{89F2A839-5FC2-439D-9CA2-6B0CE1FA1F6E}.Release|x86.Build.0 = Release|Win32
		{0E4CDD24-1EC7-46AC-ACEE-A8DA7AC03776}.Debug|x64.ActiveCfg = Debug|x64
		{0E4CDD24-1EC7-46AC-ACEE-A8DA7AC03776}.Debug|x64.Build.0 = Debug|x64
		{0E4CDD24-1EC7-46AC-ACEE-A8DA7AC03776}.Debug|x86.ActiveCfg = Debug|Win32
		{0E4CDD24-1EC7-46AC-ACEE-A8DA7AC03776}.Debug|x86.Build.0 = Debug|Win32
		{0E4CDD24-1EC7-46AC-ACEE-A8DA7AC03776}.Release|x64.ActiveCfg = Release|x64
		{0E4CDD24-1EC7-46AC-ACEE-A8DA7AC03776}.Release|x64.Build.0 = Release|x64
		{0E4CDD24-1EC7-46AC-ACEE-A8DA7AC03776}.Release|x86.ActiveCfg = Release|Win32
		{0E4CDD24-1EC7-46AC-ACEE-A8DA7AC03776}.Release|x86.Build.0 = Release|Win32
		{66C2F690-1C5E-4F36-AA7A-40DA1FC9E2E9}.Debug|x64.ActiveCfg = Debug|x64
		{66C2F690-1C5E-4F36-AA7A-40DA1FC9E2E9}.Debug|x64.Build.0 = Debug|x64
		{66C2F690-1C5E-4F36-AA7A-40DA1FC9E2E9}.Debug|x86.ActiveCfg = Debug|Win32
		{66C2F690-1C5E-4F36-AA7A-40DA1FC9E2E9}.Debug|x86.Build.0 = Debug|Win32
		{66C2F690-1C5E-4F36-AA7A-40DA1FC9E2E9}.Release|x64.ActiveCfg = Release|x64
		{66C2F690-1C5E-4F36-AA7A-40DA1FC9E2E9}.Release|x64.Build.0 = Release|x64
		{66C2F690-1C5E-4F36-AA7A-40DA1FC9E2E9}.Release|x86.ActiveCfg = Release|Win32
		{66C2F690-1C5E-4F36-AA7A-40DA1FC9E2E9}.Release|x86.Build.0 = Release|Win32
		{96977EC7-E9F9-4F6C-BD57-AFDD9D13924F}.Debug|x64.ActiveCfg = Debug|x64
		{96977EC7-E9F9-4F6C-BD57-AFDD9D13924F}.Debug|x64.Build.0 = Debug|x64
		{96977EC7-E9F9-4F6C-BD57-AFDD9D13924F}.Debug|x86.ActiveCfg = Debug|Win32
		{96977EC7-E9F9-4F6C-BD57-AFDD9D13924F}.Debug|x86.Build.0 = Debug|Win32
		{96977EC7-E9F9-4F6C-BD57-AFDD9D13924F}.Release|x64.ActiveCfg = Release|x64
		{96977EC7-E9F9-4F6C-BD57-AFDD9D13924F}.Release|x64.Build.0 = Release|x64
		{96977EC7-E9F9-4F6C-BD57-AFDD9D13924F}.Release|x86.ActiveCfg = Release|Win32
		{96977EC7-E9F9-4F6C-BD57-AFDD9D13924F}.Release|x86.Build.0 = Release|Win32
		{B0443A03-6136-4008-8621-73CAE6CFD874}.Debug|x64.ActiveCfg = Debug|x64
		{B0443A03-6136-4008-8621-73CAE6CFD874}.Debug|x64.Build.0 = Debug|x64
		{B0443A03-6136-4008-8621-73CAE6CFD874}.Debug|x86.ActiveCfg = Debug|Win32
		{B0443A03-6136-4008-8621-73CAE6CFD874}.Debug|x86.Build.0 = Debug|Win32
		{B0443A03-6136-4008-8621-73CAE6CFD874}.Release|x64.ActiveCfg = Release|x64
		{B0443A03-6136-4008-8621-73CAE6CFD874}.Release|x64.Build.0 = Release|x64
		{B0443A03-6136-4008-8621-73CAE6CFD874}.Release|x86.ActiveCfg = Release|Win32
		{B0443A03-6136-4008-8621-73CAE6CFD874}.Release|x86.Build.0 = Release|Win32
		{AF64663B-CBC8-4556-9756-674F827AF784}.Debug|x64.ActiveCfg = Debug|x64
		{AF64663B-CBC8-4556-9756-674F827AF784}.Debug|x64.Build.0 = Debug|x64
		{AF64663B-CBC8-4556-9756-674F827AF784}.Debug|x86.ActiveCfg = Debug|Win32
		{AF64663B-CBC8-4556-9756-674F827AF784}.Debug|x86.Build.0 = Debug|Win32
		{AF64663B-CBC8-4556-9756-674F827AF784}.Release|x64.ActiveCfg = Release|x64
		{AF64663B-CBC8-4556-9756-674F827AF784}.Release|x64.Build.0 = Release|x64
		{AF64663B-CBC8-4556-9756-674F827AF784}.Release|x86.ActiveCfg = Release|Win32
		{AF64663B-CBC8-4556-9756-674F827AF784}.Release|x86.Build.0 = Release|Win32
		{B07B7147-D642-4682-A33C-9D01CFB22DEF}.Debug|x64.ActiveCfg = Debug|x64
		{B07B7147-D642-4682-A33C-9D01CFB22DEF}.Debug|x64.Build.0 = Debug|x64
		{B07B7147-D642-4682-A33C-9D01CFB22DEF}.Debug|x86.ActiveCfg = Debug|Win32
		{B07B7147-D642-4682-A33C-9D01CFB22DEF}.Debug|x86.Build.0 = Debug|Win32
		{B07B7147-D642-4682-A33C-9D01CFB22DEF}.Release|x64.ActiveCfg = Release|x64
		{B07B7147-D642-4682-A33C-9D01CFB22DEF}.Release|x64.Build.0 = Release|x64
		{B07B7147-D642-4682-A33C-9D01CFB22DEF}.Release|x86.ActiveCfg = Release|Win32
		{B07B7147-D642-4682-A33C-9D01CFB22DEF}.Release|x86.Build.0 = Release|Win32
		{7BCEAFDC-CE57-4AA3-A069-E3A38F9A3AD6}.Debug|x64.ActiveCfg = Debug|x64
		{7BCEAFDC-CE57-4AA3-A069-E3A38F9A3AD6}.Debug|x64.Build.0 = Debug|x64
		{7BCEAFDC-CE57-4AA3-A069-E3A38F9A3AD6}.Debug|x86.ActiveCfg = Debug|Win32
		{7BCEAFDC-CE57-4AA3-A069-E3A38F9A3AD6}.Debug|x86.Build.0 = Debug|Win32
		{7BCEAFDC-CE57-4AA3-A069-E3A38F9A3AD6}.Release|x64.ActiveCfg = Release|x64
		{7BCEAFDC-CE57-4AA3-A069-E3A38F9A3AD6}.Release|x64.Build.0 = Release|x64
		{7BCEAFDC-CE57-4AA3-A069-E3A38F9A3AD6}.Release|x86.ActiveCfg = Release|Win32
		{7BCEAFDC-CE57-4AA3-A069-E3A38F9A3AD6}.Release|x86.Build.0 = Release|Win32
		{2CB2FB72-AA6C-4896-8801-05D91F5694CF}.Debug|x64.ActiveCfg = Debug|x64
		{2CB2FB72-AA6C-4896-8801-05D91F5694CF}.Debug|x64.Build.0 = Debug|x64
		{2CB2FB72-AA6C-4896-8801-05D91F5694CF}.Debug|x86.ActiveCfg = Debug|Win32
		{2CB2FB72-AA6C-4896-8801-05D91F5694CF}.Debug|x86.Build.0 = Debug|Win32
		{2CB2FB72-AA6C-4896-8801-05D91F5694CF}.Release|x64.ActiveCfg = Release|x64
		{2CB2FB72-AA6C-4896-8801-05D91F5694CF}.Release|x64.Build.0 = Release|x64
		{2CB2FB72-AA6C-4896-8801-05D91F5694CF}.Release|x86.ActiveCfg = Release|Win32
		{2CB2FB72-AA6C-4896-8801-05D91F5694CF}.Release|x86.Build.0 = Release|Win32
		{138583F5-5DC6-4074-BF64-1B568EB6A1C1}.Debug|x64.ActiveCfg = Debug|x64
		{138583F5-5DC6-4074-BF64-1B568EB6A1C1}.Debug|x64.Build.0 = Debug|x64
		{138583F5-5DC6-4074-BF64-1B568EB6A1C1}.Debug|x86.ActiveCfg = Debug|Win32
		{138583F5-5DC6-4074-BF64-1B568EB6A1C1}.Debug|x86.Build.0 = Debug|Win32
		{138583F5-5DC6-4074-BF64-1B568EB6A1C1}.Release|x64.ActiveCfg = Release|x64
		{138583F5-5DC6-4074-BF64-1B568EB6A1C1}.Release|x64.Build.0 = Release|x64
		{138583F5-5DC6-4074-BF64-1B568EB6A1C1}.Release|x86.ActiveCfg = Release|Win32
		{138583F5-5DC6-4074-BF64-1B568EB6A1C1}.Release|x86.Build.0 = Release|Win32
		{5DB324C7-C928-458D-8AF1-53AC9C57D759}.Debug|x64.ActiveCfg = Debug|x64
		{5DB324C7-C928-458D-8AF1-53AC9C57D759}.Debug|x64.Build.0 = Debug|x64
		{5DB324C7-C928-458D-8AF1-53AC9C57D759}.Debug|x86.ActiveCfg = Debug|Win32
		{5DB324C7-C928-458D-8AF1-53AC9C57D759}.Debug|x86.Build.0 = Debug|Win32
		{5DB324C7-C928-458D-8AF1-53AC9C57D759}.Release|x64.ActiveCfg = Release|x64
		{5DB324C7-C928-458D-8AF1-53AC9C57D759}.Release|x64.Build.0 = Release|x64
		{5DB324C7-C928-458D-8AF1-53AC9C57D759}.Release|x86.ActiveCfg = Release|Win32
		{5DB324C7-C928-458D-8AF1-53AC9C57D759}.Release|x86.Build.0 = Release|Win32
		{3A42DDBB-D0AB-407A-AA42-ACB119C37587}.Debug|x64.ActiveCfg = Debug|x64
		{3A42DDBB-D0AB-407A-AA42-ACB119C37587}.Debug|x64.Build.0 = Debug|x64
		{3A42DDBB-D0AB-407A-AA42-ACB119C37587}.Debug|x86.ActiveCfg = Debug|Win32
		{3A42DDBB-D0AB-407A-AA42-ACB119C37587}.Debug|x86.Build.0 = Debug|Win32
		{3A42DDBB-D0AB-407A-AA42-ACB119C37587}.Release|x64.ActiveCfg = Release|x64
		{3A42DDBB-D0AB-407A-AA42-ACB119C37587}.Release|x64.Build.0 = Release|x64
		{3A42DDBB-D0AB-407A-AA42-ACB119C37587}.Release|x86.ActiveCfg = Release|Win32
		{3A42DDBB-D0AB-407A-AA42-ACB119C37587}.Release|x86.Build.0 = Release|Win32
		{F7F85510-1354-46F1-94C6-0DEB0D0A7460}.Debug|x64.ActiveCfg = Debug|x64
		{F7F85510-1354-46F1-94C6-0DEB0D0A7460}.Debug|x64.Build.0 = Debug|x64
		{F7F85510-1354-46F1-94C6-0DEB0D0A7460}.Debug|x86.ActiveCfg = Debug|Win32
		{F7F85510-1354-46F1-94C6-0DEB0D0A7460}.Debug|x86.Build.0 = Debug|Win32
		{F7F85510-1354-46F1-94C6-0DEB0D0A7460}.Release|x64.ActiveCfg = Release|x64
		{F7F85510-1354-46F1-94C6-0DEB0D0A7460}.Release|x64.Build.0 = Release|x64
		{F7F85510-1354-46F1-94C6-0DEB0D0A7460}.Release|x86.ActiveCfg = Release|Win32
		{F7F85510-1354-46F1-94C6-0DEB0D0A7460}.Release|x86.Build.0 = Release|Win32
		{F5D21D43-3764-415F-82ED-1441DB8A11CB}.Debug|x64.ActiveCfg = Debug|x64
		{F5D21D43-3764-415F-82ED-1441DB8A11CB}.Debug|x64.Build.0 = Debug|x64
		{F5D21D43-3764-415F-82ED-1441DB8A11CB}.Debug|x86.ActiveCfg = Debug|Win32
		{F5D21D43-3764-415F-82ED-1441DB8A11CB}.Debug|x86.Build.0 = Debug|Win32
		{F5D21D43-3764-415F-82ED-1441DB8A11CB}.Release|x64.ActiveCfg = Release|x64
		{F5D21D43-3764-415F-82ED-1441DB8A11CB}.Release|x64.Build.0 = Release|x64
		{F5D21D43-3764-415F-82ED-1441DB8A11CB}.Release|x86.ActiveCfg = Release|Win32
		{F5D21D43-3764-415F-82ED-1441DB8A11CB}.Release|x86.Build.0 = Release|Win32
		{4653E680-7491-4A65-B204-D170F2B3B00D}.Debug|x64.ActiveCfg = Debug|x64
		{4653E680-7491-4A65-B204-D170F2B3B00D}.Debug|x64.Build.0 = Debug|x64
		{4653E680-7491-4A65-B204-D170F2B3B00D}.Debug|x86.ActiveCfg = Debug|Win32
		{4653E680-7491-4A65-B204-D170F2B3B00D}.Debug|x86.Build.0 = Debug|Win32
		{4653E680-7491-4A65-B204-D170F2B3B00D}.Release|x64.ActiveCfg = Release|x64
		{4653E680-7491-4A65-B204-D170F2B3B00D}.Release|x64.Build.0 = Release|x64
		{4653E680-7491-4A65-B204-D170F2B3B00D}.Release|x86.ActiveCfg = Release|Win32
		{4653E680-7491-4A65-B204-D170F2B3B00D}.Release|x86.Build.0 = Release|Win32
		{E7FAB1DC-25BA-49E0-A2A2-63C8E747DEDF}.Debug|x64.ActiveCfg = Debug|x64
		{E7FAB1DC-25BA-49E0-A2A2-63C8E747DEDF}.Debug|x64.Build.0 = Debug|x64
		{E7FAB1DC-25BA-49E0-A2A2-63C8E747DEDF}.Debug|x86.ActiveCfg = Debug|Win32
		{E7FAB1DC-25BA-49E0-A2A2-63C8E747DEDF}.Debug|x86.Build.0 = Debug|Win32
		{E7FAB1DC-25BA-49E0-A2A2-63C8E747DEDF}.Release|x64.ActiveCfg = Release|x64
		{E7FAB1DC-25BA-49E0-A2A2-63C8E747DEDF}.Release|x64.Build.0 = Release|x64
		{E7FAB1DC-25BA-49E0-A2A2-63C8E747DEDF}.Release|x86.ActiveCfg = Release|Win32
		{E7FAB1DC-25BA-49E0-A2A2-63C8E747DEDF}.Release|x86.Build.0 = Release|Win32
		{40D9854D-6CA9-4896-ABC6-B2BBE3C4334F}.Debug|x64.ActiveCfg = Debug|x64
		{40D9854D-6CA9-4896-ABC6-B2BBE3C4334F}.Debug|x64.Build.0 = Debug|x64
		{40D9854D-6CA9-4896-ABC6-B2BBE3C4334F}.Debug|x86.ActiveCfg = Debug|Win32
		{40D9854D-6CA9-4896-ABC6-B2BBE3C4334F}.Debug|x86.Build.0 = Debug|Win32
		{40D9854D-6CA9-4896-ABC6-B2BBE3C4334F}.Release|x64.ActiveCfg = Release|x64
		{40D9854D-6CA9-4896-ABC6-B2BBE3C4334F}.Release|x64.Build.0 = Release|x64
		{40D9854D-6CA9-4896-ABC6-B2BBE3C4334F}.Release|x86.ActiveCfg = Release|Win32
		{40D9854D-6CA9-4896-ABC6-B2BBE3C4334F}.Release|x86.Build.0 = Release|Win32
		{99A2DA52-EDF9-49B3-A9F3-61E495D09150}.Debug|x64.ActiveCfg = Debug|x64
		{99A2DA52-EDF9-49B3-A9F3-61E495D09150}.Debug|x64.Build.0 = Debug|x64
		{99A2DA52-EDF9-49B3-A9F3-61E495D09150}.Debug|x86.ActiveCfg = Debug|Win32
		{99A2DA52-EDF9-49B3-A9F3-61E495D09150}.Debug|x86.Build.0 = Debug|Win32
		{99A2DA52-EDF9-49B3-A9F3-61E495D09150}.Release|x64.ActiveCfg = Release|x64
		{99A2DA52-EDF9-49B3-A9F3-61E495D09150}.Release|x64.Build.0 = Release|x64
		{99A2DA52-EDF9-49B3-A9F3-61E495D09150}.Release|x86.ActiveCfg = Release|Win32
		{99A2DA52-EDF9-49B3-A9F3-61E495D09150}.Release|x86.Build.0 = Release|Win32
		{4EABE7D4-58CA-4CB5-845C-E3946F60A834}.Debug|x64.ActiveCfg = Debug|x64
		{4EABE7D4-58CA-4CB5-845C-E3946F60A834}.Debug|x64.Build.0 = Debug|x64
		{4EABE7D4-58CA-4CB5-845C-E3946F60A834}.Debug|x86.ActiveCfg = Debug|Win32
		{4EABE7D4-58CA-4CB5-845C-E3946F60A834}.Debug|x86.Build.0 = Debug|Win32
		{4EABE7D4-58CA-4CB5-845C-E3946F60A834}.Release|x64.ActiveCfg = Release|x64
		{4EABE7D4-58CA-4CB5-845C-E3946F60A834}.Release|x64.Build.0 = Release|x64
		{4EABE7D4-58CA-4CB5-845C-E3946F60A834}.Release|x86.ActiveCfg = Release|Win32
		{4EABE7D4-58CA-4CB5-845C-E3946F60A834}.Release|x86.Build.0 = Release|Win32
		{B6ACD331-93BD-4E1B-AABC-775C1D13DACA}.Debug|x64.ActiveCfg = Debug|x64
		{B6ACD331-93BD-4E1B-AABC-775C1D13DACA}.Debug|x64.Build.0 = Debug|x64
		{B6ACD331-93BD-4E1B-AABC-775C1D13DACA}.Debug|x86.ActiveCfg = Debug|Win32
		{B6ACD331-93BD-4E1B-AABC-775C1D13DACA}.Debug|x86.Build.0 = Debug|Win32
		{B6ACD331-93BD-4E1B-AABC-775C1D13DACA}.Release|x64.ActiveCfg = Release|x64
		{B6ACD331-93BD-4E1B-AABC-775C1D13DACA}.Release|x64.Build.0 = Release|x64
		{B6ACD331-93BD-4E1B-AABC-775C1D13DACA}.Release|x86.ActiveCfg = Release|Win32
		{B6ACD331-93BD-4E1B-AABC-775C1D13DACA}.Release|x86.Build.0 = Release|Win32
	EndGlobalSection
	GlobalSection(SolutionProperties) = preSolution
		HideSolutionNode = FALSE
	EndGlobalSection
	GlobalSection(ExtensibilityGlobals) = postSolution
		SolutionGuid = {18B098B0-6AD7-4D0F-97C5-E94DD36991E0}
	EndGlobalSection
EndGlobal
