
Microsoft Visual Studio Solution File, Format Version 12.00
# Visual Studio 15
VisualStudioVersion = 15.0.28307.438
MinimumVisualStudioVersion = 10.0.40219.1
Project("{8BC9CEB8-8B4A-11D0-8D11-00A0C91BC942}") = "openCV", "openCV\openCV.vcxproj", "{5233D625-BB51-4DEB-B30F-48916D323E01}"
EndProject
Project("{8BC9CEB8-8B4A-11D0-8D11-00A0C91BC942}") = "test", "test\test.vcxproj", "{DFF2F3D5-0B01-4695-BAE4-73A15CC410D2}"
EndProject
Project("{8BC9CEB8-8B4A-11D0-8D11-00A0C91BC942}") = "Chapter3_3_1_2", "Chapter3_3_1_2\Chapter3_3_1_2.vcxproj", "{342E0126-3097-4DF2-A617-613604862284}"
EndProject
Project("{8BC9CEB8-8B4A-11D0-8D11-00A0C91BC942}") = "Chapter3_3.1.4", "Chapter3_3.1.4\Chapter3_3.1.4.vcxproj", "{22AF53C2-23F7-4625-BFDC-E43C629354B9}"
EndProject
Project("{8BC9CEB8-8B4A-11D0-8D11-00A0C91BC942}") = "Chatper3_3.1.5", "Chatper3_3.1.5\Chatper3_3.1.5.vcxproj", "{17FD8730-E3AC-402C-B242-99C11DBB3534}"
EndProject
Project("{8BC9CEB8-8B4A-11D0-8D11-00A0C91BC942}") = "Chapter3_3.2.2", "Chapter3_3.2.2\Chapter3_3.2.2.vcxproj", "{BF63471C-839D-48D1-9190-6407519ECFFE}"
EndProject
Project("{8BC9CEB8-8B4A-11D0-8D11-00A0C91BC942}") = "Chatper3_3.2.5", "Chatper3_3.2.5\Chatper3_3.2.5.vcxproj", "{5635C685-C9AC-44AE-AF5E-9A9E906FAC0D}"
EndProject
Project("{8BC9CEB8-8B4A-11D0-8D11-00A0C91BC942}") = "Chapter3_3.3.3", "Chapter3_3.3.3\Chapter3_3.3.3.vcxproj", "{D9BEC289-4286-4449-8DD7-D712DF0EA10D}"
EndProject
Project("{8BC9CEB8-8B4A-11D0-8D11-00A0C91BC942}") = "Chapter3_3.6.2", "Chapter3_3.6.2\Chapter3_3.6.2.vcxproj", "{7D784B2B-3D2B-4B1B-9122-C5A20EF67DA2}"
EndProject
Project("{8BC9CEB8-8B4A-11D0-8D11-00A0C91BC942}") = "Chapter3_task14", "Chapter3_task14\Chapter3_task14.vcxproj", "{5E4963FB-28B6-48BB-9B87-00038DBB1D39}"
EndProject
Project("{8BC9CEB8-8B4A-11D0-8D11-00A0C91BC942}") = "Chapter3_3.1.1", "Chapter3_3.1.1\Chapter3_3.1.1.vcxproj", "{F5EEDC77-AD45-490F-B967-F995F690B42B}"
EndProject
Project("{8BC9CEB8-8B4A-11D0-8D11-00A0C91BC942}") = "Chapter3_3.1.3", "Chapter3_3.1.3\Chapter3_3.1.3.vcxproj", "{92989294-FBB9-4A07-B84B-BE80E3577565}"
EndProject
Project("{8BC9CEB8-8B4A-11D0-8D11-00A0C91BC942}") = "Chapter3_3.1.6", "Chapter3_3.1.6\Chapter3_3.1.6.vcxproj", "{4E18D499-DAF7-44D8-BEED-75B926728707}"
EndProject
Project("{8BC9CEB8-8B4A-11D0-8D11-00A0C91BC942}") = "Chapter3_3.17", "Chapter3_3.17\Chapter3_3.17.vcxproj", "{4BE2A3F2-A01F-44B8-9331-E0B1E4B2F07C}"
EndProject
Project("{8BC9CEB8-8B4A-11D0-8D11-00A0C91BC942}") = "Chapter3_3.2.1", "Chapter3_3.2.1\Chapter3_3.2.1.vcxproj", "{036B3145-E78B-4E3C-BD69-A02B3295FC46}"
EndProject
Project("{8BC9CEB8-8B4A-11D0-8D11-00A0C91BC942}") = "Chapter3_3.2.3", "Chapter3_3.2.3\Chapter3_3.2.3.vcxproj", "{D2A9FEB5-19DE-49EA-8CA9-F2448D5EC7C1}"
EndProject
Project("{8BC9CEB8-8B4A-11D0-8D11-00A0C91BC942}") = "Chapter3_3.2.4", "Chapter3_3.2.4\Chapter3_3.2.4.vcxproj", "{68BBAB3D-7E95-4D33-8AB7-7A710761F366}"
EndProject
Project("{8BC9CEB8-8B4A-11D0-8D11-00A0C91BC942}") = "Chapter3_3.2.6", "Chapter3_3.2.6\Chapter3_3.2.6.vcxproj", "{EFB9DD57-6C77-4CC6-9920-E33BD94C8C4B}"
EndProject
Project("{8BC9CEB8-8B4A-11D0-8D11-00A0C91BC942}") = "Chapter3_3.2.7", "Chapter3_3.2.7\Chapter3_3.2.7.vcxproj", "{942BF0EF-0B12-44C6-B431-5522F6D8C90F}"
EndProject
Project("{8BC9CEB8-8B4A-11D0-8D11-00A0C91BC942}") = "Chapter3_3.2.8", "Chapter3_3.2.8\Chapter3_3.2.8.vcxproj", "{1ED12C15-1F37-4B2D-998C-AC9F92EBCF60}"
EndProject
Project("{8BC9CEB8-8B4A-11D0-8D11-00A0C91BC942}") = "Chapter3_3.2.9", "Chapter3_3.2.9\Chapter3_3.2.9.vcxproj", "{0449C748-8810-4E63-A36A-5172D572237C}"
EndProject
Project("{8BC9CEB8-8B4A-11D0-8D11-00A0C91BC942}") = "Chapter3_3.3.1", "Chapter3_3.3.1\Chapter3_3.3.1.vcxproj", "{D4FEFABD-ACAC-4A51-9905-335D277148C6}"
EndProject
Project("{8BC9CEB8-8B4A-11D0-8D11-00A0C91BC942}") = "Chapter3_3.3.2", "Chapter3_3.3.2\Chapter3_3.3.2.vcxproj", "{CE6EA68E-2241-411B-AD0E-6EE5A45A7DB4}"
EndProject
Project("{8BC9CEB8-8B4A-11D0-8D11-00A0C91BC942}") = "Chapter3_3.4.1", "Chapter3_3.4.1\Chapter3_3.4.1.vcxproj", "{0516B165-5785-4632-9F23-D0E8F8D33EAE}"
EndProject
Project("{8BC9CEB8-8B4A-11D0-8D11-00A0C91BC942}") = "Chapter3_3.4.2", "Chapter3_3.4.2\Chapter3_3.4.2.vcxproj", "{2F7EB724-1F23-413D-B893-A39E8A14C8D1}"
EndProject
Project("{8BC9CEB8-8B4A-11D0-8D11-00A0C91BC942}") = "Chapter3_3.5.1", "Chapter3_3.5.1\Chapter3_3.5.1.vcxproj", "{5C285740-82D5-47A7-B5F8-99C3B4EE4F19}"
EndProject
Project("{8BC9CEB8-8B4A-11D0-8D11-00A0C91BC942}") = "Chapter3_3.5.2", "Chapter3_3.5.2\Chapter3_3.5.2.vcxproj", "{DA1FF12F-3E19-4FA1-A7A0-C36675044236}"
EndProject
Project("{8BC9CEB8-8B4A-11D0-8D11-00A0C91BC942}") = "Chapter3_3.5.3", "Chapter3_3.5.3\Chapter3_3.5.3.vcxproj", "{E7DB6BAF-F974-4A4E-B9A6-36C5CD78972E}"
EndProject
Project("{8BC9CEB8-8B4A-11D0-8D11-00A0C91BC942}") = "Chapter3_3.6.1", "Chapter3_3.6.1\Chapter3_3.6.1.vcxproj", "{7FFAF8CF-B367-461B-8F73-B35305ADECA3}"
EndProject
Global
	GlobalSection(SolutionConfigurationPlatforms) = preSolution
		Debug|x64 = Debug|x64
		Debug|x86 = Debug|x86
		Release|x64 = Release|x64
		Release|x86 = Release|x86
	EndGlobalSection
	GlobalSection(ProjectConfigurationPlatforms) = postSolution
		{5233D625-BB51-4DEB-B30F-48916D323E01}.Debug|x64.ActiveCfg = Debug|x64
		{5233D625-BB51-4DEB-B30F-48916D323E01}.Debug|x64.Build.0 = Debug|x64
		{5233D625-BB51-4DEB-B30F-48916D323E01}.Debug|x86.ActiveCfg = Debug|Win32
		{5233D625-BB51-4DEB-B30F-48916D323E01}.Debug|x86.Build.0 = Debug|Win32
		{5233D625-BB51-4DEB-B30F-48916D323E01}.Release|x64.ActiveCfg = Release|x64
		{5233D625-BB51-4DEB-B30F-48916D323E01}.Release|x64.Build.0 = Release|x64
		{5233D625-BB51-4DEB-B30F-48916D323E01}.Release|x86.ActiveCfg = Release|Win32
		{5233D625-BB51-4DEB-B30F-48916D323E01}.Release|x86.Build.0 = Release|Win32
		{DFF2F3D5-0B01-4695-BAE4-73A15CC410D2}.Debug|x64.ActiveCfg = Debug|x64
		{DFF2F3D5-0B01-4695-BAE4-73A15CC410D2}.Debug|x64.Build.0 = Debug|x64
		{DFF2F3D5-0B01-4695-BAE4-73A15CC410D2}.Debug|x86.ActiveCfg = Debug|Win32
		{DFF2F3D5-0B01-4695-BAE4-73A15CC410D2}.Debug|x86.Build.0 = Debug|Win32
		{DFF2F3D5-0B01-4695-BAE4-73A15CC410D2}.Release|x64.ActiveCfg = Release|x64
		{DFF2F3D5-0B01-4695-BAE4-73A15CC410D2}.Release|x64.Build.0 = Release|x64
		{DFF2F3D5-0B01-4695-BAE4-73A15CC410D2}.Release|x86.ActiveCfg = Release|Win32
		{DFF2F3D5-0B01-4695-BAE4-73A15CC410D2}.Release|x86.Build.0 = Release|Win32
		{342E0126-3097-4DF2-A617-613604862284}.Debug|x64.ActiveCfg = Debug|x64
		{342E0126-3097-4DF2-A617-613604862284}.Debug|x64.Build.0 = Debug|x64
		{342E0126-3097-4DF2-A617-613604862284}.Debug|x86.ActiveCfg = Debug|Win32
		{342E0126-3097-4DF2-A617-613604862284}.Debug|x86.Build.0 = Debug|Win32
		{342E0126-3097-4DF2-A617-613604862284}.Release|x64.ActiveCfg = Release|x64
		{342E0126-3097-4DF2-A617-613604862284}.Release|x64.Build.0 = Release|x64
		{342E0126-3097-4DF2-A617-613604862284}.Release|x86.ActiveCfg = Release|Win32
		{342E0126-3097-4DF2-A617-613604862284}.Release|x86.Build.0 = Release|Win32
		{22AF53C2-23F7-4625-BFDC-E43C629354B9}.Debug|x64.ActiveCfg = Debug|x64
		{22AF53C2-23F7-4625-BFDC-E43C629354B9}.Debug|x64.Build.0 = Debug|x64
		{22AF53C2-23F7-4625-BFDC-E43C629354B9}.Debug|x86.ActiveCfg = Debug|Win32
		{22AF53C2-23F7-4625-BFDC-E43C629354B9}.Debug|x86.Build.0 = Debug|Win32
		{22AF53C2-23F7-4625-BFDC-E43C629354B9}.Release|x64.ActiveCfg = Release|x64
		{22AF53C2-23F7-4625-BFDC-E43C629354B9}.Release|x64.Build.0 = Release|x64
		{22AF53C2-23F7-4625-BFDC-E43C629354B9}.Release|x86.ActiveCfg = Release|Win32
		{22AF53C2-23F7-4625-BFDC-E43C629354B9}.Release|x86.Build.0 = Release|Win32
		{17FD8730-E3AC-402C-B242-99C11DBB3534}.Debug|x64.ActiveCfg = Debug|x64
		{17FD8730-E3AC-402C-B242-99C11DBB3534}.Debug|x64.Build.0 = Debug|x64
		{17FD8730-E3AC-402C-B242-99C11DBB3534}.Debug|x86.ActiveCfg = Debug|Win32
		{17FD8730-E3AC-402C-B242-99C11DBB3534}.Debug|x86.Build.0 = Debug|Win32
		{17FD8730-E3AC-402C-B242-99C11DBB3534}.Release|x64.ActiveCfg = Release|x64
		{17FD8730-E3AC-402C-B242-99C11DBB3534}.Release|x64.Build.0 = Release|x64
		{17FD8730-E3AC-402C-B242-99C11DBB3534}.Release|x86.ActiveCfg = Release|Win32
		{17FD8730-E3AC-402C-B242-99C11DBB3534}.Release|x86.Build.0 = Release|Win32
		{BF63471C-839D-48D1-9190-6407519ECFFE}.Debug|x64.ActiveCfg = Debug|x64
		{BF63471C-839D-48D1-9190-6407519ECFFE}.Debug|x64.Build.0 = Debug|x64
		{BF63471C-839D-48D1-9190-6407519ECFFE}.Debug|x86.ActiveCfg = Debug|Win32
		{BF63471C-839D-48D1-9190-6407519ECFFE}.Debug|x86.Build.0 = Debug|Win32
		{BF63471C-839D-48D1-9190-6407519ECFFE}.Release|x64.ActiveCfg = Release|x64
		{BF63471C-839D-48D1-9190-6407519ECFFE}.Release|x64.Build.0 = Release|x64
		{BF63471C-839D-48D1-9190-6407519ECFFE}.Release|x86.ActiveCfg = Release|Win32
		{BF63471C-839D-48D1-9190-6407519ECFFE}.Release|x86.Build.0 = Release|Win32
		{5635C685-C9AC-44AE-AF5E-9A9E906FAC0D}.Debug|x64.ActiveCfg = Debug|x64
		{5635C685-C9AC-44AE-AF5E-9A9E906FAC0D}.Debug|x64.Build.0 = Debug|x64
		{5635C685-C9AC-44AE-AF5E-9A9E906FAC0D}.Debug|x86.ActiveCfg = Debug|Win32
		{5635C685-C9AC-44AE-AF5E-9A9E906FAC0D}.Debug|x86.Build.0 = Debug|Win32
		{5635C685-C9AC-44AE-AF5E-9A9E906FAC0D}.Release|x64.ActiveCfg = Release|x64
		{5635C685-C9AC-44AE-AF5E-9A9E906FAC0D}.Release|x64.Build.0 = Release|x64
		{5635C685-C9AC-44AE-AF5E-9A9E906FAC0D}.Release|x86.ActiveCfg = Release|Win32
		{5635C685-C9AC-44AE-AF5E-9A9E906FAC0D}.Release|x86.Build.0 = Release|Win32
		{D9BEC289-4286-4449-8DD7-D712DF0EA10D}.Debug|x64.ActiveCfg = Debug|x64
		{D9BEC289-4286-4449-8DD7-D712DF0EA10D}.Debug|x64.Build.0 = Debug|x64
		{D9BEC289-4286-4449-8DD7-D712DF0EA10D}.Debug|x86.ActiveCfg = Debug|Win32
		{D9BEC289-4286-4449-8DD7-D712DF0EA10D}.Debug|x86.Build.0 = Debug|Win32
		{D9BEC289-4286-4449-8DD7-D712DF0EA10D}.Release|x64.ActiveCfg = Release|x64
		{D9BEC289-4286-4449-8DD7-D712DF0EA10D}.Release|x64.Build.0 = Release|x64
		{D9BEC289-4286-4449-8DD7-D712DF0EA10D}.Release|x86.ActiveCfg = Release|Win32
		{D9BEC289-4286-4449-8DD7-D712DF0EA10D}.Release|x86.Build.0 = Release|Win32
		{7D784B2B-3D2B-4B1B-9122-C5A20EF67DA2}.Debug|x64.ActiveCfg = Debug|x64
		{7D784B2B-3D2B-4B1B-9122-C5A20EF67DA2}.Debug|x64.Build.0 = Debug|x64
		{7D784B2B-3D2B-4B1B-9122-C5A20EF67DA2}.Debug|x86.ActiveCfg = Debug|Win32
		{7D784B2B-3D2B-4B1B-9122-C5A20EF67DA2}.Debug|x86.Build.0 = Debug|Win32
		{7D784B2B-3D2B-4B1B-9122-C5A20EF67DA2}.Release|x64.ActiveCfg = Release|x64
		{7D784B2B-3D2B-4B1B-9122-C5A20EF67DA2}.Release|x64.Build.0 = Release|x64
		{7D784B2B-3D2B-4B1B-9122-C5A20EF67DA2}.Release|x86.ActiveCfg = Release|Win32
		{7D784B2B-3D2B-4B1B-9122-C5A20EF67DA2}.Release|x86.Build.0 = Release|Win32
		{5E4963FB-28B6-48BB-9B87-00038DBB1D39}.Debug|x64.ActiveCfg = Debug|x64
		{5E4963FB-28B6-48BB-9B87-00038DBB1D39}.Debug|x64.Build.0 = Debug|x64
		{5E4963FB-28B6-48BB-9B87-00038DBB1D39}.Debug|x86.ActiveCfg = Debug|Win32
		{5E4963FB-28B6-48BB-9B87-00038DBB1D39}.Debug|x86.Build.0 = Debug|Win32
		{5E4963FB-28B6-48BB-9B87-00038DBB1D39}.Release|x64.ActiveCfg = Release|x64
		{5E4963FB-28B6-48BB-9B87-00038DBB1D39}.Release|x64.Build.0 = Release|x64
		{5E4963FB-28B6-48BB-9B87-00038DBB1D39}.Release|x86.ActiveCfg = Release|Win32
		{5E4963FB-28B6-48BB-9B87-00038DBB1D39}.Release|x86.Build.0 = Release|Win32
		{F5EEDC77-AD45-490F-B967-F995F690B42B}.Debug|x64.ActiveCfg = Debug|x64
		{F5EEDC77-AD45-490F-B967-F995F690B42B}.Debug|x64.Build.0 = Debug|x64
		{F5EEDC77-AD45-490F-B967-F995F690B42B}.Debug|x86.ActiveCfg = Debug|Win32
		{F5EEDC77-AD45-490F-B967-F995F690B42B}.Debug|x86.Build.0 = Debug|Win32
		{F5EEDC77-AD45-490F-B967-F995F690B42B}.Release|x64.ActiveCfg = Release|x64
		{F5EEDC77-AD45-490F-B967-F995F690B42B}.Release|x64.Build.0 = Release|x64
		{F5EEDC77-AD45-490F-B967-F995F690B42B}.Release|x86.ActiveCfg = Release|Win32
		{F5EEDC77-AD45-490F-B967-F995F690B42B}.Release|x86.Build.0 = Release|Win32
		{92989294-FBB9-4A07-B84B-BE80E3577565}.Debug|x64.ActiveCfg = Debug|x64
		{92989294-FBB9-4A07-B84B-BE80E3577565}.Debug|x64.Build.0 = Debug|x64
		{92989294-FBB9-4A07-B84B-BE80E3577565}.Debug|x86.ActiveCfg = Debug|Win32
		{92989294-FBB9-4A07-B84B-BE80E3577565}.Debug|x86.Build.0 = Debug|Win32
		{92989294-FBB9-4A07-B84B-BE80E3577565}.Release|x64.ActiveCfg = Release|x64
		{92989294-FBB9-4A07-B84B-BE80E3577565}.Release|x64.Build.0 = Release|x64
		{92989294-FBB9-4A07-B84B-BE80E3577565}.Release|x86.ActiveCfg = Release|Win32
		{92989294-FBB9-4A07-B84B-BE80E3577565}.Release|x86.Build.0 = Release|Win32
		{4E18D499-DAF7-44D8-BEED-75B926728707}.Debug|x64.ActiveCfg = Debug|x64
		{4E18D499-DAF7-44D8-BEED-75B926728707}.Debug|x64.Build.0 = Debug|x64
		{4E18D499-DAF7-44D8-BEED-75B926728707}.Debug|x86.ActiveCfg = Debug|Win32
		{4E18D499-DAF7-44D8-BEED-75B926728707}.Debug|x86.Build.0 = Debug|Win32
		{4E18D499-DAF7-44D8-BEED-75B926728707}.Release|x64.ActiveCfg = Release|x64
		{4E18D499-DAF7-44D8-BEED-75B926728707}.Release|x64.Build.0 = Release|x64
		{4E18D499-DAF7-44D8-BEED-75B926728707}.Release|x86.ActiveCfg = Release|Win32
		{4E18D499-DAF7-44D8-BEED-75B926728707}.Release|x86.Build.0 = Release|Win32
		{4BE2A3F2-A01F-44B8-9331-E0B1E4B2F07C}.Debug|x64.ActiveCfg = Debug|x64
		{4BE2A3F2-A01F-44B8-9331-E0B1E4B2F07C}.Debug|x64.Build.0 = Debug|x64
		{4BE2A3F2-A01F-44B8-9331-E0B1E4B2F07C}.Debug|x86.ActiveCfg = Debug|Win32
		{4BE2A3F2-A01F-44B8-9331-E0B1E4B2F07C}.Debug|x86.Build.0 = Debug|Win32
		{4BE2A3F2-A01F-44B8-9331-E0B1E4B2F07C}.Release|x64.ActiveCfg = Release|x64
		{4BE2A3F2-A01F-44B8-9331-E0B1E4B2F07C}.Release|x64.Build.0 = Release|x64
		{4BE2A3F2-A01F-44B8-9331-E0B1E4B2F07C}.Release|x86.ActiveCfg = Release|Win32
		{4BE2A3F2-A01F-44B8-9331-E0B1E4B2F07C}.Release|x86.Build.0 = Release|Win32
		{036B3145-E78B-4E3C-BD69-A02B3295FC46}.Debug|x64.ActiveCfg = Debug|x64
		{036B3145-E78B-4E3C-BD69-A02B3295FC46}.Debug|x64.Build.0 = Debug|x64
		{036B3145-E78B-4E3C-BD69-A02B3295FC46}.Debug|x86.ActiveCfg = Debug|Win32
		{036B3145-E78B-4E3C-BD69-A02B3295FC46}.Debug|x86.Build.0 = Debug|Win32
		{036B3145-E78B-4E3C-BD69-A02B3295FC46}.Release|x64.ActiveCfg = Release|x64
		{036B3145-E78B-4E3C-BD69-A02B3295FC46}.Release|x64.Build.0 = Release|x64
		{036B3145-E78B-4E3C-BD69-A02B3295FC46}.Release|x86.ActiveCfg = Release|Win32
		{036B3145-E78B-4E3C-BD69-A02B3295FC46}.Release|x86.Build.0 = Release|Win32
		{D2A9FEB5-19DE-49EA-8CA9-F2448D5EC7C1}.Debug|x64.ActiveCfg = Debug|x64
		{D2A9FEB5-19DE-49EA-8CA9-F2448D5EC7C1}.Debug|x64.Build.0 = Debug|x64
		{D2A9FEB5-19DE-49EA-8CA9-F2448D5EC7C1}.Debug|x86.ActiveCfg = Debug|Win32
		{D2A9FEB5-19DE-49EA-8CA9-F2448D5EC7C1}.Debug|x86.Build.0 = Debug|Win32
		{D2A9FEB5-19DE-49EA-8CA9-F2448D5EC7C1}.Release|x64.ActiveCfg = Release|x64
		{D2A9FEB5-19DE-49EA-8CA9-F2448D5EC7C1}.Release|x64.Build.0 = Release|x64
		{D2A9FEB5-19DE-49EA-8CA9-F2448D5EC7C1}.Release|x86.ActiveCfg = Release|Win32
		{D2A9FEB5-19DE-49EA-8CA9-F2448D5EC7C1}.Release|x86.Build.0 = Release|Win32
		{68BBAB3D-7E95-4D33-8AB7-7A710761F366}.Debug|x64.ActiveCfg = Debug|x64
		{68BBAB3D-7E95-4D33-8AB7-7A710761F366}.Debug|x64.Build.0 = Debug|x64
		{68BBAB3D-7E95-4D33-8AB7-7A710761F366}.Debug|x86.ActiveCfg = Debug|Win32
		{68BBAB3D-7E95-4D33-8AB7-7A710761F366}.Debug|x86.Build.0 = Debug|Win32
		{68BBAB3D-7E95-4D33-8AB7-7A710761F366}.Release|x64.ActiveCfg = Release|x64
		{68BBAB3D-7E95-4D33-8AB7-7A710761F366}.Release|x64.Build.0 = Release|x64
		{68BBAB3D-7E95-4D33-8AB7-7A710761F366}.Release|x86.ActiveCfg = Release|Win32
		{68BBAB3D-7E95-4D33-8AB7-7A710761F366}.Release|x86.Build.0 = Release|Win32
		{EFB9DD57-6C77-4CC6-9920-E33BD94C8C4B}.Debug|x64.ActiveCfg = Debug|x64
		{EFB9DD57-6C77-4CC6-9920-E33BD94C8C4B}.Debug|x64.Build.0 = Debug|x64
		{EFB9DD57-6C77-4CC6-9920-E33BD94C8C4B}.Debug|x86.ActiveCfg = Debug|Win32
		{EFB9DD57-6C77-4CC6-9920-E33BD94C8C4B}.Debug|x86.Build.0 = Debug|Win32
		{EFB9DD57-6C77-4CC6-9920-E33BD94C8C4B}.Release|x64.ActiveCfg = Release|x64
		{EFB9DD57-6C77-4CC6-9920-E33BD94C8C4B}.Release|x64.Build.0 = Release|x64
		{EFB9DD57-6C77-4CC6-9920-E33BD94C8C4B}.Release|x86.ActiveCfg = Release|Win32
		{EFB9DD57-6C77-4CC6-9920-E33BD94C8C4B}.Release|x86.Build.0 = Release|Win32
		{942BF0EF-0B12-44C6-B431-5522F6D8C90F}.Debug|x64.ActiveCfg = Debug|x64
		{942BF0EF-0B12-44C6-B431-5522F6D8C90F}.Debug|x64.Build.0 = Debug|x64
		{942BF0EF-0B12-44C6-B431-5522F6D8C90F}.Debug|x86.ActiveCfg = Debug|Win32
		{942BF0EF-0B12-44C6-B431-5522F6D8C90F}.Debug|x86.Build.0 = Debug|Win32
		{942BF0EF-0B12-44C6-B431-5522F6D8C90F}.Release|x64.ActiveCfg = Release|x64
		{942BF0EF-0B12-44C6-B431-5522F6D8C90F}.Release|x64.Build.0 = Release|x64
		{942BF0EF-0B12-44C6-B431-5522F6D8C90F}.Release|x86.ActiveCfg = Release|Win32
		{942BF0EF-0B12-44C6-B431-5522F6D8C90F}.Release|x86.Build.0 = Release|Win32
		{1ED12C15-1F37-4B2D-998C-AC9F92EBCF60}.Debug|x64.ActiveCfg = Debug|x64
		{1ED12C15-1F37-4B2D-998C-AC9F92EBCF60}.Debug|x64.Build.0 = Debug|x64
		{1ED12C15-1F37-4B2D-998C-AC9F92EBCF60}.Debug|x86.ActiveCfg = Debug|Win32
		{1ED12C15-1F37-4B2D-998C-AC9F92EBCF60}.Debug|x86.Build.0 = Debug|Win32
		{1ED12C15-1F37-4B2D-998C-AC9F92EBCF60}.Release|x64.ActiveCfg = Release|x64
		{1ED12C15-1F37-4B2D-998C-AC9F92EBCF60}.Release|x64.Build.0 = Release|x64
		{1ED12C15-1F37-4B2D-998C-AC9F92EBCF60}.Release|x86.ActiveCfg = Release|Win32
		{1ED12C15-1F37-4B2D-998C-AC9F92EBCF60}.Release|x86.Build.0 = Release|Win32
		{0449C748-8810-4E63-A36A-5172D572237C}.Debug|x64.ActiveCfg = Debug|x64
		{0449C748-8810-4E63-A36A-5172D572237C}.Debug|x64.Build.0 = Debug|x64
		{0449C748-8810-4E63-A36A-5172D572237C}.Debug|x86.ActiveCfg = Debug|Win32
		{0449C748-8810-4E63-A36A-5172D572237C}.Debug|x86.Build.0 = Debug|Win32
		{0449C748-8810-4E63-A36A-5172D572237C}.Release|x64.ActiveCfg = Release|x64
		{0449C748-8810-4E63-A36A-5172D572237C}.Release|x64.Build.0 = Release|x64
		{0449C748-8810-4E63-A36A-5172D572237C}.Release|x86.ActiveCfg = Release|Win32
		{0449C748-8810-4E63-A36A-5172D572237C}.Release|x86.Build.0 = Release|Win32
		{D4FEFABD-ACAC-4A51-9905-335D277148C6}.Debug|x64.ActiveCfg = Debug|x64
		{D4FEFABD-ACAC-4A51-9905-335D277148C6}.Debug|x64.Build.0 = Debug|x64
		{D4FEFABD-ACAC-4A51-9905-335D277148C6}.Debug|x86.ActiveCfg = Debug|Win32
		{D4FEFABD-ACAC-4A51-9905-335D277148C6}.Debug|x86.Build.0 = Debug|Win32
		{D4FEFABD-ACAC-4A51-9905-335D277148C6}.Release|x64.ActiveCfg = Release|x64
		{D4FEFABD-ACAC-4A51-9905-335D277148C6}.Release|x64.Build.0 = Release|x64
		{D4FEFABD-ACAC-4A51-9905-335D277148C6}.Release|x86.ActiveCfg = Release|Win32
		{D4FEFABD-ACAC-4A51-9905-335D277148C6}.Release|x86.Build.0 = Release|Win32
		{CE6EA68E-2241-411B-AD0E-6EE5A45A7DB4}.Debug|x64.ActiveCfg = Debug|x64
		{CE6EA68E-2241-411B-AD0E-6EE5A45A7DB4}.Debug|x64.Build.0 = Debug|x64
		{CE6EA68E-2241-411B-AD0E-6EE5A45A7DB4}.Debug|x86.ActiveCfg = Debug|Win32
		{CE6EA68E-2241-411B-AD0E-6EE5A45A7DB4}.Debug|x86.Build.0 = Debug|Win32
		{CE6EA68E-2241-411B-AD0E-6EE5A45A7DB4}.Release|x64.ActiveCfg = Release|x64
		{CE6EA68E-2241-411B-AD0E-6EE5A45A7DB4}.Release|x64.Build.0 = Release|x64
		{CE6EA68E-2241-411B-AD0E-6EE5A45A7DB4}.Release|x86.ActiveCfg = Release|Win32
		{CE6EA68E-2241-411B-AD0E-6EE5A45A7DB4}.Release|x86.Build.0 = Release|Win32
		{0516B165-5785-4632-9F23-D0E8F8D33EAE}.Debug|x64.ActiveCfg = Debug|x64
		{0516B165-5785-4632-9F23-D0E8F8D33EAE}.Debug|x64.Build.0 = Debug|x64
		{0516B165-5785-4632-9F23-D0E8F8D33EAE}.Debug|x86.ActiveCfg = Debug|Win32
		{0516B165-5785-4632-9F23-D0E8F8D33EAE}.Debug|x86.Build.0 = Debug|Win32
		{0516B165-5785-4632-9F23-D0E8F8D33EAE}.Release|x64.ActiveCfg = Release|x64
		{0516B165-5785-4632-9F23-D0E8F8D33EAE}.Release|x64.Build.0 = Release|x64
		{0516B165-5785-4632-9F23-D0E8F8D33EAE}.Release|x86.ActiveCfg = Release|Win32
		{0516B165-5785-4632-9F23-D0E8F8D33EAE}.Release|x86.Build.0 = Release|Win32
		{2F7EB724-1F23-413D-B893-A39E8A14C8D1}.Debug|x64.ActiveCfg = Debug|x64
		{2F7EB724-1F23-413D-B893-A39E8A14C8D1}.Debug|x64.Build.0 = Debug|x64
		{2F7EB724-1F23-413D-B893-A39E8A14C8D1}.Debug|x86.ActiveCfg = Debug|Win32
		{2F7EB724-1F23-413D-B893-A39E8A14C8D1}.Debug|x86.Build.0 = Debug|Win32
		{2F7EB724-1F23-413D-B893-A39E8A14C8D1}.Release|x64.ActiveCfg = Release|x64
		{2F7EB724-1F23-413D-B893-A39E8A14C8D1}.Release|x64.Build.0 = Release|x64
		{2F7EB724-1F23-413D-B893-A39E8A14C8D1}.Release|x86.ActiveCfg = Release|Win32
		{2F7EB724-1F23-413D-B893-A39E8A14C8D1}.Release|x86.Build.0 = Release|Win32
		{5C285740-82D5-47A7-B5F8-99C3B4EE4F19}.Debug|x64.ActiveCfg = Debug|x64
		{5C285740-82D5-47A7-B5F8-99C3B4EE4F19}.Debug|x64.Build.0 = Debug|x64
		{5C285740-82D5-47A7-B5F8-99C3B4EE4F19}.Debug|x86.ActiveCfg = Debug|Win32
		{5C285740-82D5-47A7-B5F8-99C3B4EE4F19}.Debug|x86.Build.0 = Debug|Win32
		{5C285740-82D5-47A7-B5F8-99C3B4EE4F19}.Release|x64.ActiveCfg = Release|x64
		{5C285740-82D5-47A7-B5F8-99C3B4EE4F19}.Release|x64.Build.0 = Release|x64
		{5C285740-82D5-47A7-B5F8-99C3B4EE4F19}.Release|x86.ActiveCfg = Release|Win32
		{5C285740-82D5-47A7-B5F8-99C3B4EE4F19}.Release|x86.Build.0 = Release|Win32
		{DA1FF12F-3E19-4FA1-A7A0-C36675044236}.Debug|x64.ActiveCfg = Debug|x64
		{DA1FF12F-3E19-4FA1-A7A0-C36675044236}.Debug|x64.Build.0 = Debug|x64
		{DA1FF12F-3E19-4FA1-A7A0-C36675044236}.Debug|x86.ActiveCfg = Debug|Win32
		{DA1FF12F-3E19-4FA1-A7A0-C36675044236}.Debug|x86.Build.0 = Debug|Win32
		{DA1FF12F-3E19-4FA1-A7A0-C36675044236}.Release|x64.ActiveCfg = Release|x64
		{DA1FF12F-3E19-4FA1-A7A0-C36675044236}.Release|x64.Build.0 = Release|x64
		{DA1FF12F-3E19-4FA1-A7A0-C36675044236}.Release|x86.ActiveCfg = Release|Win32
		{DA1FF12F-3E19-4FA1-A7A0-C36675044236}.Release|x86.Build.0 = Release|Win32
		{E7DB6BAF-F974-4A4E-B9A6-36C5CD78972E}.Debug|x64.ActiveCfg = Debug|x64
		{E7DB6BAF-F974-4A4E-B9A6-36C5CD78972E}.Debug|x64.Build.0 = Debug|x64
		{E7DB6BAF-F974-4A4E-B9A6-36C5CD78972E}.Debug|x86.ActiveCfg = Debug|Win32
		{E7DB6BAF-F974-4A4E-B9A6-36C5CD78972E}.Debug|x86.Build.0 = Debug|Win32
		{E7DB6BAF-F974-4A4E-B9A6-36C5CD78972E}.Release|x64.ActiveCfg = Release|x64
		{E7DB6BAF-F974-4A4E-B9A6-36C5CD78972E}.Release|x64.Build.0 = Release|x64
		{E7DB6BAF-F974-4A4E-B9A6-36C5CD78972E}.Release|x86.ActiveCfg = Release|Win32
		{E7DB6BAF-F974-4A4E-B9A6-36C5CD78972E}.Release|x86.Build.0 = Release|Win32
		{7FFAF8CF-B367-461B-8F73-B35305ADECA3}.Debug|x64.ActiveCfg = Debug|x64
		{7FFAF8CF-B367-461B-8F73-B35305ADECA3}.Debug|x64.Build.0 = Debug|x64
		{7FFAF8CF-B367-461B-8F73-B35305ADECA3}.Debug|x86.ActiveCfg = Debug|Win32
		{7FFAF8CF-B367-461B-8F73-B35305ADECA3}.Debug|x86.Build.0 = Debug|Win32
		{7FFAF8CF-B367-461B-8F73-B35305ADECA3}.Release|x64.ActiveCfg = Release|x64
		{7FFAF8CF-B367-461B-8F73-B35305ADECA3}.Release|x64.Build.0 = Release|x64
		{7FFAF8CF-B367-461B-8F73-B35305ADECA3}.Release|x86.ActiveCfg = Release|Win32
		{7FFAF8CF-B367-461B-8F73-B35305ADECA3}.Release|x86.Build.0 = Release|Win32
	EndGlobalSection
	GlobalSection(SolutionProperties) = preSolution
		HideSolutionNode = FALSE
	EndGlobalSection
	GlobalSection(ExtensibilityGlobals) = postSolution
		SolutionGuid = {18B098B0-6AD7-4D0F-97C5-E94DD36991E0}
	EndGlobalSection
EndGlobal
